{
  "version": 4,
  "terraform_version": "1.7.5",
  "serial": 272,
  "lineage": "66ddac0f-679b-10ff-703f-07c719e1a063",
  "outputs": {
    "endpoint": {
      "value": {
        "endpoint": "https://A7961F97E2859BB8769EAA9B1CAA0CED.gr7.ap-south-1.eks.amazonaws.com",
        "kubeconfig-certificate-authority-data": "LS0tLS1CRUdJTiBDRVJUSUZJQ0FURS0tLS0tCk1JSURCVENDQWUyZ0F3SUJBZ0lJZk9sSFlma1pLaHN3RFFZSktvWklodmNOQVFFTEJRQXdGVEVUTUJFR0ExVUUKQXhNS2EzVmlaWEp1WlhSbGN6QWVGdzB5TkRBMU1UQXhOakE1TkRoYUZ3MHpOREExTURneE5qRTBORGhhTUJVeApFekFSQmdOVkJBTVRDbXQxWW1WeWJtVjBaWE13Z2dFaU1BMEdDU3FHU0liM0RRRUJBUVVBQTRJQkR3QXdnZ0VLCkFvSUJBUURvNTV1UzZlYXNPYTg2bGN3NnZHZ1VMbXIyYStJNUdRK0VndDBYN1M0bWxNbElIbmF3TUx5QXo0QngKQU5hNk0zM2FqOVFPc0JDc0ZjTzM2R1lLNXdqdGNMZjNEeGhQL3J5Z3hMcmVJVTJ0YnFnRTVTM0ZJRWsvOG9jUApQMXhWV2Fua2NtYkc3TEJGOHR1WlljZlNPUUxGTFk3dlBVenZwemQ1b25XTXc5ei94YUpFVWhGd3dKUTJTL3E0Ck5kV3lmZnpwbVBIbk9JaFd2WCswNGxpV1EzczhVOGxhTVVGUFExMERVN3IzdDdjeFNka1lUNmVhbk9JcXpmTEsKRTBOVDVoUWZvTFBvTGYzcTBEeGxPcHhjVzNpcXFEcFMyRkdGc0NYVjlxR0ZFYWpmTEFQWU5VNjdSYzhLYnVRSQo5aDVaUGF5NFdtQ1FnSWhjT3F0TjduNlhyL0ZaQWdNQkFBR2pXVEJYTUE0R0ExVWREd0VCL3dRRUF3SUNwREFQCkJnTlZIUk1CQWY4RUJUQURBUUgvTUIwR0ExVWREZ1FXQkJSc1Z0dlloY3RMYTdkUU5kV0FSREpvOFJLeDJ6QVYKQmdOVkhSRUVEakFNZ2dwcmRXSmxjbTVsZEdWek1BMEdDU3FHU0liM0RRRUJDd1VBQTRJQkFRQkVyMEJ3Z0ZGVAp0WC80ejI1MWlvdmtiTDZ6NmpPbTg1bnRVRGlRUlI3aDNnbmc3OXJnUmhQMFBMcFE5Uyt3ZVZ6ZVpyaXd5SXBVCmVUWG4zNEdva2VPNncyNmhkZk5Malc2Q3M0V2dHY3puN0ZRbmI3MlJRM3RERzFwMGdQWnJnN3RWekNkS3hCTEYKWm1vcG9JNEErODFqWmQreVBpVkRzU0FjbEtwMnVqWU00eWR3dlFxRC9FYzFNbzArV0tqTGprOHZFclVzeUhmVQpia3VGSXN2YldMbzBSNDJ3cnJuNlZERU02NkwrVXZQY1NTY1g2UjlYS000RG1XcmhQRHd1RWU2VkpLQ3VjUzlUCi9sbGZUSllMaXRacHNIbFFwdlpMSVdTZVBpZFVKd043Vkc2RFI4eDcvaXI2OUo4Y3FjNEhZdmhURE9Tbm1EY2wKMmhMWEpzOTFabUJ2Ci0tLS0tRU5EIENFUlRJRklDQVRFLS0tLS0K",
        "node_group_remote_access": [
          {
            "cluster_security_group_id": "sg-001bae699b5ec486b",
            "endpoint_private_access": true,
            "endpoint_public_access": true,
            "public_access_cidrs": [
              "0.0.0.0/0"
            ],
            "security_group_ids": null,
            "subnet_ids": [
              "subnet-05d10d4d676859e63",
              "subnet-0a2990f99f02212a1"
            ],
            "vpc_id": "vpc-05e1315caafda3d24"
          }
        ]
      },
      "type": [
        "object",
        {
          "endpoint": "string",
          "kubeconfig-certificate-authority-data": "string",
          "node_group_remote_access": [
            "list",
            [
              "object",
              {
                "cluster_security_group_id": "string",
                "endpoint_private_access": "bool",
                "endpoint_public_access": "bool",
                "public_access_cidrs": [
                  "set",
                  "string"
                ],
                "security_group_ids": [
                  "set",
                  "string"
                ],
                "subnet_ids": [
                  "set",
                  "string"
                ],
                "vpc_id": "string"
              }
            ]
          ]
        }
      ]
    }
  },
  "resources": [
    {
      "mode": "managed",
      "type": "aws_eks_cluster",
      "name": "eks_cluster",
      "provider": "provider[\"registry.terraform.io/hashicorp/aws\"]",
      "instances": [
        {
          "schema_version": 0,
          "attributes": {
            "access_config": [
              {
                "authentication_mode": "API_AND_CONFIG_MAP",
                "bootstrap_cluster_creator_admin_permissions": true
              }
            ],
            "arn": "arn:aws:eks:ap-south-1:397324722998:cluster/eks_cluster",
            "certificate_authority": [
              {
                "data": "LS0tLS1CRUdJTiBDRVJUSUZJQ0FURS0tLS0tCk1JSURCVENDQWUyZ0F3SUJBZ0lJZk9sSFlma1pLaHN3RFFZSktvWklodmNOQVFFTEJRQXdGVEVUTUJFR0ExVUUKQXhNS2EzVmlaWEp1WlhSbGN6QWVGdzB5TkRBMU1UQXhOakE1TkRoYUZ3MHpOREExTURneE5qRTBORGhhTUJVeApFekFSQmdOVkJBTVRDbXQxWW1WeWJtVjBaWE13Z2dFaU1BMEdDU3FHU0liM0RRRUJBUVVBQTRJQkR3QXdnZ0VLCkFvSUJBUURvNTV1UzZlYXNPYTg2bGN3NnZHZ1VMbXIyYStJNUdRK0VndDBYN1M0bWxNbElIbmF3TUx5QXo0QngKQU5hNk0zM2FqOVFPc0JDc0ZjTzM2R1lLNXdqdGNMZjNEeGhQL3J5Z3hMcmVJVTJ0YnFnRTVTM0ZJRWsvOG9jUApQMXhWV2Fua2NtYkc3TEJGOHR1WlljZlNPUUxGTFk3dlBVenZwemQ1b25XTXc5ei94YUpFVWhGd3dKUTJTL3E0Ck5kV3lmZnpwbVBIbk9JaFd2WCswNGxpV1EzczhVOGxhTVVGUFExMERVN3IzdDdjeFNka1lUNmVhbk9JcXpmTEsKRTBOVDVoUWZvTFBvTGYzcTBEeGxPcHhjVzNpcXFEcFMyRkdGc0NYVjlxR0ZFYWpmTEFQWU5VNjdSYzhLYnVRSQo5aDVaUGF5NFdtQ1FnSWhjT3F0TjduNlhyL0ZaQWdNQkFBR2pXVEJYTUE0R0ExVWREd0VCL3dRRUF3SUNwREFQCkJnTlZIUk1CQWY4RUJUQURBUUgvTUIwR0ExVWREZ1FXQkJSc1Z0dlloY3RMYTdkUU5kV0FSREpvOFJLeDJ6QVYKQmdOVkhSRUVEakFNZ2dwcmRXSmxjbTVsZEdWek1BMEdDU3FHU0liM0RRRUJDd1VBQTRJQkFRQkVyMEJ3Z0ZGVAp0WC80ejI1MWlvdmtiTDZ6NmpPbTg1bnRVRGlRUlI3aDNnbmc3OXJnUmhQMFBMcFE5Uyt3ZVZ6ZVpyaXd5SXBVCmVUWG4zNEdva2VPNncyNmhkZk5Malc2Q3M0V2dHY3puN0ZRbmI3MlJRM3RERzFwMGdQWnJnN3RWekNkS3hCTEYKWm1vcG9JNEErODFqWmQreVBpVkRzU0FjbEtwMnVqWU00eWR3dlFxRC9FYzFNbzArV0tqTGprOHZFclVzeUhmVQpia3VGSXN2YldMbzBSNDJ3cnJuNlZERU02NkwrVXZQY1NTY1g2UjlYS000RG1XcmhQRHd1RWU2VkpLQ3VjUzlUCi9sbGZUSllMaXRacHNIbFFwdlpMSVdTZVBpZFVKd043Vkc2RFI4eDcvaXI2OUo4Y3FjNEhZdmhURE9Tbm1EY2wKMmhMWEpzOTFabUJ2Ci0tLS0tRU5EIENFUlRJRklDQVRFLS0tLS0K"
              }
            ],
            "cluster_id": null,
            "created_at": "2024-05-10 16:10:11.879 +0000 UTC",
            "enabled_cluster_log_types": null,
            "encryption_config": [],
            "endpoint": "https://A7961F97E2859BB8769EAA9B1CAA0CED.gr7.ap-south-1.eks.amazonaws.com",
            "id": "eks_cluster",
            "identity": [
              {
                "oidc": [
                  {
                    "issuer": "https://oidc.eks.ap-south-1.amazonaws.com/id/A7961F97E2859BB8769EAA9B1CAA0CED"
                  }
                ]
              }
            ],
            "kubernetes_network_config": [
              {
                "ip_family": "ipv4",
                "service_ipv4_cidr": "172.20.0.0/16",
                "service_ipv6_cidr": ""
              }
            ],
            "name": "eks_cluster",
            "outpost_config": [],
            "platform_version": "eks.6",
            "role_arn": "arn:aws:iam::397324722998:role/eks_cluster_role",
            "status": "ACTIVE",
            "tags": null,
            "tags_all": {},
            "timeouts": null,
            "version": "1.29",
            "vpc_config": [
              {
                "cluster_security_group_id": "sg-001bae699b5ec486b",
                "endpoint_private_access": true,
                "endpoint_public_access": true,
                "public_access_cidrs": [
                  "0.0.0.0/0"
                ],
                "security_group_ids": null,
                "subnet_ids": [
                  "subnet-05d10d4d676859e63",
                  "subnet-0a2990f99f02212a1"
                ],
                "vpc_id": "vpc-05e1315caafda3d24"
              }
            ]
          },
          "sensitive_attributes": [],
          "private": "eyJlMmJmYjczMC1lY2FhLTExZTYtOGY4OC0zNDM2M2JjN2M0YzAiOnsiY3JlYXRlIjoxODAwMDAwMDAwMDAwLCJkZWxldGUiOjkwMDAwMDAwMDAwMCwidXBkYXRlIjozNjAwMDAwMDAwMDAwfX0=",
          "dependencies": [
            "aws_iam_role.eks_cluster_role",
            "aws_iam_role_policy_attachment.EKS_cluster_role_policy_attachment",
            "aws_iam_role_policy_attachment.EKS_cluster_role_policy_attachment2",
            "aws_subnet.eks_vpc_subnet_1",
            "aws_subnet.eks_vpc_subnet_2",
            "aws_vpc.eks_vpc"
          ]
        }
      ]
    },
    {
      "mode": "managed",
      "type": "aws_eks_node_group",
      "name": "eks_node_group",
      "provider": "provider[\"registry.terraform.io/hashicorp/aws\"]",
      "instances": [
        {
          "schema_version": 0,
          "attributes": {
            "ami_type": "AL2_x86_64",
            "arn": "arn:aws:eks:ap-south-1:397324722998:nodegroup/eks_cluster/eks-node-group/bcc7b1a6-a9f1-5246-57a8-59a30b9e7816",
            "capacity_type": "SPOT",
            "cluster_name": "eks_cluster",
            "disk_size": 20,
            "force_update_version": null,
            "id": "eks_cluster:eks-node-group",
            "instance_types": [
              "t3.medium"
            ],
            "labels": null,
            "launch_template": [],
            "node_group_name": "eks-node-group",
            "node_group_name_prefix": "",
            "node_role_arn": "arn:aws:iam::397324722998:role/eks_nodegroup_role",
            "release_version": "1.29.3-20240506",
            "remote_access": [
              {
                "ec2_ssh_key": "eks-demo",
                "source_security_group_ids": [
                  "sg-01b644d9f88a02bf8"
                ]
              }
            ],
            "resources": [
              {
                "autoscaling_groups": [
                  {
                    "name": "eks-eks-node-group-bcc7b1a6-a9f1-5246-57a8-59a30b9e7816"
                  }
                ],
                "remote_access_security_group_id": "sg-0242f50d784912d53"
              }
            ],
            "scaling_config": [
              {
                "desired_size": 2,
                "max_size": 5,
                "min_size": 1
              }
            ],
            "status": "ACTIVE",
            "subnet_ids": [
              "subnet-05d10d4d676859e63",
              "subnet-0a2990f99f02212a1"
            ],
            "tags": null,
            "tags_all": {},
            "taint": [],
            "timeouts": null,
            "update_config": [
              {
                "max_unavailable": 1,
                "max_unavailable_percentage": 0
              }
            ],
            "version": "1.29"
          },
          "sensitive_attributes": [],
          "private": "eyJlMmJmYjczMC1lY2FhLTExZTYtOGY4OC0zNDM2M2JjN2M0YzAiOnsiY3JlYXRlIjozNjAwMDAwMDAwMDAwLCJkZWxldGUiOjM2MDAwMDAwMDAwMDAsInVwZGF0ZSI6MzYwMDAwMDAwMDAwMH19",
          "dependencies": [
            "aws_eks_cluster.eks_cluster",
            "aws_iam_role.eks_cluster_role",
            "aws_iam_role.eks_nodegroup_role",
            "aws_iam_role_policy_attachment.EKS_cluster_role_policy_attachment",
            "aws_iam_role_policy_attachment.EKS_cluster_role_policy_attachment2",
            "aws_iam_role_policy_attachment.eks_nodegroup_role_AmazonEC2ContainerRegistryReadOnly",
            "aws_iam_role_policy_attachment.eks_nodegroup_role_AmazonEKSWorkerNodePolicy",
            "aws_iam_role_policy_attachment.eks_nodegroup_role_AmazonEKS_CNI_Policy",
            "aws_security_group.eks_secrutiy_group",
            "aws_subnet.eks_vpc_subnet_1",
            "aws_subnet.eks_vpc_subnet_2",
            "aws_vpc.eks_vpc"
          ]
        }
      ]
    },
    {
      "mode": "managed",
      "type": "aws_iam_policy",
      "name": "eks_ec2_ebs_policy",
      "provider": "provider[\"registry.terraform.io/hashicorp/aws\"]",
      "instances": [
        {
          "schema_version": 0,
          "attributes": {
            "arn": "arn:aws:iam::397324722998:policy/eks_ec2_ebs_policy",
            "attachment_count": 0,
            "description": "eks_ec2_ebs_policy",
            "id": "arn:aws:iam::397324722998:policy/eks_ec2_ebs_policy",
            "name": "eks_ec2_ebs_policy",
            "name_prefix": "",
            "path": "/",
            "policy": "{\"Statement\":[{\"Action\":[\"ec2:AttachVolume\",\"ec2:CreateSnapshot\",\"ec2:CreateTags\",\"ec2:CreateVolume\",\"ec2:DeleteSnapshot\",\"ec2:DeleteTags\",\"ec2:DeleteVolume\",\"ec2:DescribeInstances\",\"ec2:DescribeSnapshots\",\"ec2:DescribeTags\",\"ec2:DescribeVolumes\",\"ec2:DetachVolume\"],\"Effect\":\"Allow\",\"Resource\":\"*\"}],\"Version\":\"2012-10-17\"}",
            "policy_id": "ANPAVZATGEM3MCIWGAKWE",
            "tags": null,
            "tags_all": {}
          },
          "sensitive_attributes": [],
          "private": "bnVsbA=="
        }
      ]
    },
    {
      "mode": "managed",
      "type": "aws_iam_role",
      "name": "eks_cluster_role",
      "provider": "provider[\"registry.terraform.io/hashicorp/aws\"]",
      "instances": [
        {
          "schema_version": 0,
          "attributes": {
            "arn": "arn:aws:iam::397324722998:role/eks_cluster_role",
            "assume_role_policy": "{\"Statement\":[{\"Action\":\"sts:AssumeRole\",\"Effect\":\"Allow\",\"Principal\":{\"Service\":\"eks.amazonaws.com\"}}],\"Version\":\"2012-10-17\"}",
            "create_date": "2024-05-10T16:09:47Z",
            "description": "",
            "force_detach_policies": false,
            "id": "eks_cluster_role",
            "inline_policy": [],
            "managed_policy_arns": [],
            "max_session_duration": 3600,
            "name": "eks_cluster_role",
            "name_prefix": "",
            "path": "/",
            "permissions_boundary": "",
            "tags": null,
            "tags_all": {},
            "unique_id": "AROAVZATGEM3NQYSKSIDE"
          },
          "sensitive_attributes": [],
          "private": "bnVsbA=="
        }
      ]
    },
    {
      "mode": "managed",
      "type": "aws_iam_role",
      "name": "eks_nodegroup_role",
      "provider": "provider[\"registry.terraform.io/hashicorp/aws\"]",
      "instances": [
        {
          "schema_version": 0,
          "attributes": {
            "arn": "arn:aws:iam::397324722998:role/eks_nodegroup_role",
            "assume_role_policy": "{\"Statement\":[{\"Action\":\"sts:AssumeRole\",\"Effect\":\"Allow\",\"Principal\":{\"Service\":\"ec2.amazonaws.com\"}}],\"Version\":\"2012-10-17\"}",
            "create_date": "2024-05-10T16:09:47Z",
            "description": "",
            "force_detach_policies": false,
            "id": "eks_nodegroup_role",
            "inline_policy": [],
            "managed_policy_arns": [],
            "max_session_duration": 3600,
            "name": "eks_nodegroup_role",
            "name_prefix": "",
            "path": "/",
            "permissions_boundary": "",
            "tags": null,
            "tags_all": {},
            "unique_id": "AROAVZATGEM3FHUL5UY7O"
          },
          "sensitive_attributes": [],
          "private": "bnVsbA=="
        }
      ]
    },
    {
      "mode": "managed",
      "type": "aws_iam_role_policy_attachment",
      "name": "EKS_cluster_role_policy_attachment",
      "provider": "provider[\"registry.terraform.io/hashicorp/aws\"]",
      "instances": [
        {
          "schema_version": 0,
          "attributes": {
            "id": "eks_cluster_role-20240510160947760200000001",
            "policy_arn": "arn:aws:iam::aws:policy/AmazonEKSClusterPolicy",
            "role": "eks_cluster_role"
          },
          "sensitive_attributes": [],
          "private": "bnVsbA==",
          "dependencies": [
            "aws_iam_role.eks_cluster_role"
          ]
        }
      ]
    },
    {
      "mode": "managed",
      "type": "aws_iam_role_policy_attachment",
      "name": "EKS_cluster_role_policy_attachment2",
      "provider": "provider[\"registry.terraform.io/hashicorp/aws\"]",
      "instances": [
        {
          "schema_version": 0,
          "attributes": {
            "id": "eks_cluster_role-20240510160947800200000002",
            "policy_arn": "arn:aws:iam::aws:policy/AmazonEKSVPCResourceController",
            "role": "eks_cluster_role"
          },
          "sensitive_attributes": [],
          "private": "bnVsbA==",
          "dependencies": [
            "aws_iam_role.eks_cluster_role"
          ]
        }
      ]
    },
    {
      "mode": "managed",
      "type": "aws_iam_role_policy_attachment",
      "name": "eks_nodegroup_role_AmazonEC2ContainerRegistryReadOnly",
      "provider": "provider[\"registry.terraform.io/hashicorp/aws\"]",
      "instances": [
        {
          "schema_version": 0,
          "attributes": {
            "id": "eks_nodegroup_role-20240510160948160600000005",
            "policy_arn": "arn:aws:iam::aws:policy/AmazonEC2ContainerRegistryReadOnly",
            "role": "eks_nodegroup_role"
          },
          "sensitive_attributes": [],
          "private": "bnVsbA==",
          "dependencies": [
            "aws_iam_role.eks_nodegroup_role"
          ]
        }
      ]
    },
    {
      "mode": "managed",
      "type": "aws_iam_role_policy_attachment",
      "name": "eks_nodegroup_role_AmazonEKSWorkerNodePolicy",
      "provider": "provider[\"registry.terraform.io/hashicorp/aws\"]",
      "instances": [
        {
          "schema_version": 0,
          "attributes": {
            "id": "eks_nodegroup_role-20240510160947861300000003",
            "policy_arn": "arn:aws:iam::aws:policy/AmazonEKSWorkerNodePolicy",
            "role": "eks_nodegroup_role"
          },
          "sensitive_attributes": [],
          "private": "bnVsbA==",
          "dependencies": [
            "aws_iam_role.eks_nodegroup_role"
          ]
        }
      ]
    },
    {
      "mode": "managed",
      "type": "aws_iam_role_policy_attachment",
      "name": "eks_nodegroup_role_AmazonEKS_CNI_Policy",
      "provider": "provider[\"registry.terraform.io/hashicorp/aws\"]",
      "instances": [
        {
          "schema_version": 0,
          "attributes": {
            "id": "eks_nodegroup_role-20240510160948232200000006",
            "policy_arn": "arn:aws:iam::aws:policy/AmazonEKS_CNI_Policy",
            "role": "eks_nodegroup_role"
          },
          "sensitive_attributes": [],
          "private": "bnVsbA==",
          "dependencies": [
            "aws_iam_role.eks_nodegroup_role"
          ]
        }
      ]
    },
    {
      "mode": "managed",
      "type": "aws_iam_role_policy_attachment",
      "name": "eks_nodegroup_role_ebs",
      "provider": "provider[\"registry.terraform.io/hashicorp/aws\"]",
      "instances": [
        {
          "schema_version": 0,
          "attributes": {
            "id": "eks_nodegroup_role-20240510160948099600000004",
            "policy_arn": "arn:aws:iam::397324722998:policy/eks_ec2_ebs_policy",
            "role": "eks_nodegroup_role"
          },
          "sensitive_attributes": [],
          "private": "bnVsbA==",
          "dependencies": [
            "aws_iam_policy.eks_ec2_ebs_policy",
            "aws_iam_role.eks_nodegroup_role"
          ]
        }
      ]
    },
    {
      "mode": "managed",
      "type": "aws_internet_gateway",
      "name": "aws_mks_connect_demo_gateway",
      "provider": "provider[\"registry.terraform.io/hashicorp/aws\"]",
      "instances": [
        {
          "schema_version": 0,
          "attributes": {
            "arn": "arn:aws:ec2:ap-south-1:397324722998:internet-gateway/igw-03a985e03d0f492f7",
            "id": "igw-03a985e03d0f492f7",
            "owner_id": "397324722998",
            "tags": {
              "Name": "main_gw"
            },
            "tags_all": {
              "Name": "main_gw"
            },
            "timeouts": null,
            "vpc_id": "vpc-05e1315caafda3d24"
          },
          "sensitive_attributes": [],
          "private": "eyJlMmJmYjczMC1lY2FhLTExZTYtOGY4OC0zNDM2M2JjN2M0YzAiOnsiY3JlYXRlIjoxMjAwMDAwMDAwMDAwLCJkZWxldGUiOjEyMDAwMDAwMDAwMDAsInVwZGF0ZSI6MTIwMDAwMDAwMDAwMH19",
          "dependencies": [
            "aws_vpc.eks_vpc"
          ]
        }
      ]
    },
    {
      "mode": "managed",
      "type": "aws_route",
      "name": "aws_mks_connect_demo_default_routetable",
      "provider": "provider[\"registry.terraform.io/hashicorp/aws\"]",
      "instances": [
        {
          "schema_version": 0,
          "attributes": {
            "carrier_gateway_id": "",
            "core_network_arn": "",
            "destination_cidr_block": "0.0.0.0/0",
            "destination_ipv6_cidr_block": "",
            "destination_prefix_list_id": "",
            "egress_only_gateway_id": "",
            "gateway_id": "igw-03a985e03d0f492f7",
            "id": "r-rtb-00fba4f630332730d1080289494",
            "instance_id": "",
            "instance_owner_id": "",
            "local_gateway_id": "",
            "nat_gateway_id": "",
            "network_interface_id": "",
            "origin": "CreateRoute",
            "route_table_id": "rtb-00fba4f630332730d",
            "state": "active",
            "timeouts": null,
            "transit_gateway_id": "",
            "vpc_endpoint_id": "",
            "vpc_peering_connection_id": ""
          },
          "sensitive_attributes": [],
          "private": "eyJlMmJmYjczMC1lY2FhLTExZTYtOGY4OC0zNDM2M2JjN2M0YzAiOnsiY3JlYXRlIjozMDAwMDAwMDAwMDAsImRlbGV0ZSI6MzAwMDAwMDAwMDAwLCJ1cGRhdGUiOjEyMDAwMDAwMDAwMH19",
          "dependencies": [
            "aws_internet_gateway.aws_mks_connect_demo_gateway",
            "aws_vpc.eks_vpc"
          ]
        }
      ]
    },
    {
      "mode": "managed",
      "type": "aws_security_group",
      "name": "eks_secrutiy_group",
      "provider": "provider[\"registry.terraform.io/hashicorp/aws\"]",
      "instances": [
        {
          "schema_version": 1,
          "attributes": {
            "arn": "arn:aws:ec2:ap-south-1:397324722998:security-group/sg-01b644d9f88a02bf8",
            "description": "Managed by Terraform",
            "egress": [],
            "id": "sg-01b644d9f88a02bf8",
            "ingress": [],
            "name": "allowAlltraffic",
            "name_prefix": "",
            "owner_id": "397324722998",
            "revoke_rules_on_delete": false,
            "tags": {
              "Name": "aws_mks_connect_demo"
            },
            "tags_all": {
              "Name": "aws_mks_connect_demo"
            },
            "timeouts": null,
            "vpc_id": "vpc-05e1315caafda3d24"
          },
          "sensitive_attributes": [],
          "private": "eyJlMmJmYjczMC1lY2FhLTExZTYtOGY4OC0zNDM2M2JjN2M0YzAiOnsiY3JlYXRlIjo2MDAwMDAwMDAwMDAsImRlbGV0ZSI6OTAwMDAwMDAwMDAwfSwic2NoZW1hX3ZlcnNpb24iOiIxIn0=",
          "dependencies": [
            "aws_vpc.eks_vpc"
          ]
        }
      ]
    },
    {
      "mode": "managed",
      "type": "aws_subnet",
      "name": "eks_vpc_subnet_1",
      "provider": "provider[\"registry.terraform.io/hashicorp/aws\"]",
      "instances": [
        {
          "schema_version": 1,
          "attributes": {
            "arn": "arn:aws:ec2:ap-south-1:397324722998:subnet/subnet-0a2990f99f02212a1",
            "assign_ipv6_address_on_creation": false,
            "availability_zone": "ap-south-1a",
            "availability_zone_id": "aps1-az1",
            "cidr_block": "10.0.1.0/24",
            "customer_owned_ipv4_pool": "",
            "enable_dns64": false,
            "enable_lni_at_device_index": 0,
            "enable_resource_name_dns_a_record_on_launch": false,
            "enable_resource_name_dns_aaaa_record_on_launch": false,
            "id": "subnet-0a2990f99f02212a1",
            "ipv6_cidr_block": "",
            "ipv6_cidr_block_association_id": "",
            "ipv6_native": false,
            "map_customer_owned_ip_on_launch": false,
            "map_public_ip_on_launch": true,
            "outpost_arn": "",
            "owner_id": "397324722998",
            "private_dns_hostname_type_on_launch": "ip-name",
            "tags": {
              "Name": "aws_mks_connect_demo_subnet_public_2"
            },
            "tags_all": {
              "Name": "aws_mks_connect_demo_subnet_public_2"
            },
            "timeouts": null,
            "vpc_id": "vpc-05e1315caafda3d24"
          },
          "sensitive_attributes": [],
          "private": "eyJlMmJmYjczMC1lY2FhLTExZTYtOGY4OC0zNDM2M2JjN2M0YzAiOnsiY3JlYXRlIjo2MDAwMDAwMDAwMDAsImRlbGV0ZSI6MTIwMDAwMDAwMDAwMH0sInNjaGVtYV92ZXJzaW9uIjoiMSJ9",
          "dependencies": [
            "aws_vpc.eks_vpc"
          ]
        }
      ]
    },
    {
      "mode": "managed",
      "type": "aws_subnet",
      "name": "eks_vpc_subnet_2",
      "provider": "provider[\"registry.terraform.io/hashicorp/aws\"]",
      "instances": [
        {
          "schema_version": 1,
          "attributes": {
            "arn": "arn:aws:ec2:ap-south-1:397324722998:subnet/subnet-05d10d4d676859e63",
            "assign_ipv6_address_on_creation": false,
            "availability_zone": "ap-south-1b",
            "availability_zone_id": "aps1-az3",
            "cidr_block": "10.0.2.0/24",
            "customer_owned_ipv4_pool": "",
            "enable_dns64": false,
            "enable_lni_at_device_index": 0,
            "enable_resource_name_dns_a_record_on_launch": false,
            "enable_resource_name_dns_aaaa_record_on_launch": false,
            "id": "subnet-05d10d4d676859e63",
            "ipv6_cidr_block": "",
            "ipv6_cidr_block_association_id": "",
            "ipv6_native": false,
            "map_customer_owned_ip_on_launch": false,
            "map_public_ip_on_launch": true,
            "outpost_arn": "",
            "owner_id": "397324722998",
            "private_dns_hostname_type_on_launch": "ip-name",
            "tags": {
              "Name": "aws_mks_connect_demo_subnet_public_1"
            },
            "tags_all": {
              "Name": "aws_mks_connect_demo_subnet_public_1"
            },
            "timeouts": null,
            "vpc_id": "vpc-05e1315caafda3d24"
          },
          "sensitive_attributes": [],
          "private": "eyJlMmJmYjczMC1lY2FhLTExZTYtOGY4OC0zNDM2M2JjN2M0YzAiOnsiY3JlYXRlIjo2MDAwMDAwMDAwMDAsImRlbGV0ZSI6MTIwMDAwMDAwMDAwMH0sInNjaGVtYV92ZXJzaW9uIjoiMSJ9",
          "dependencies": [
            "aws_vpc.eks_vpc"
          ]
        }
      ]
    },
    {
      "mode": "managed",
      "type": "aws_vpc",
      "name": "eks_vpc",
      "provider": "provider[\"registry.terraform.io/hashicorp/aws\"]",
      "instances": [
        {
          "schema_version": 1,
          "attributes": {
            "arn": "arn:aws:ec2:ap-south-1:397324722998:vpc/vpc-05e1315caafda3d24",
            "assign_generated_ipv6_cidr_block": false,
            "cidr_block": "10.0.0.0/16",
            "default_network_acl_id": "acl-09ea9d9302e9c2afd",
            "default_route_table_id": "rtb-00fba4f630332730d",
            "default_security_group_id": "sg-024eb5c607434bc52",
            "dhcp_options_id": "dopt-08d3756ee52c0b703",
            "enable_dns_hostnames": true,
            "enable_dns_support": true,
            "enable_network_address_usage_metrics": false,
            "id": "vpc-05e1315caafda3d24",
            "instance_tenancy": "default",
            "ipv4_ipam_pool_id": null,
            "ipv4_netmask_length": null,
            "ipv6_association_id": "",
            "ipv6_cidr_block": "",
            "ipv6_cidr_block_network_border_group": "",
            "ipv6_ipam_pool_id": "",
            "ipv6_netmask_length": 0,
            "main_route_table_id": "rtb-00fba4f630332730d",
            "owner_id": "397324722998",
            "tags": {
              "Name": "aws_mks_connect_demo_VPC"
            },
            "tags_all": {
              "Name": "aws_mks_connect_demo_VPC"
            }
          },
          "sensitive_attributes": [],
          "private": "eyJzY2hlbWFfdmVyc2lvbiI6IjEifQ=="
        }
      ]
    },
    {
      "mode": "managed",
      "type": "aws_vpc_security_group_egress_rule",
      "name": "allow_all_traffic_ipv4_3",
      "provider": "provider[\"registry.terraform.io/hashicorp/aws\"]",
      "instances": [
        {
          "schema_version": 0,
          "attributes": {
            "arn": "arn:aws:ec2:ap-south-1:397324722998:security-group-rule/sgr-04ade99ac2c30b770",
            "cidr_ipv4": "0.0.0.0/0",
            "cidr_ipv6": null,
            "description": null,
            "from_port": null,
            "id": "sgr-04ade99ac2c30b770",
            "ip_protocol": "-1",
            "prefix_list_id": null,
            "referenced_security_group_id": null,
            "security_group_id": "sg-01b644d9f88a02bf8",
            "security_group_rule_id": "sgr-04ade99ac2c30b770",
            "tags": null,
            "tags_all": {},
            "to_port": null
          },
          "sensitive_attributes": [],
          "dependencies": [
            "aws_security_group.eks_secrutiy_group",
            "aws_vpc.eks_vpc"
          ]
        }
      ]
    },
    {
      "mode": "managed",
      "type": "aws_vpc_security_group_ingress_rule",
      "name": "allow_all_in_ipv4_2",
      "provider": "provider[\"registry.terraform.io/hashicorp/aws\"]",
      "instances": [
        {
          "schema_version": 0,
          "attributes": {
            "arn": "arn:aws:ec2:ap-south-1:397324722998:security-group-rule/sgr-099e16db2f563f213",
            "cidr_ipv4": "0.0.0.0/0",
            "cidr_ipv6": null,
            "description": null,
            "from_port": null,
            "id": "sgr-099e16db2f563f213",
            "ip_protocol": "-1",
            "prefix_list_id": null,
            "referenced_security_group_id": null,
            "security_group_id": "sg-01b644d9f88a02bf8",
            "security_group_rule_id": "sgr-099e16db2f563f213",
            "tags": null,
            "tags_all": {},
            "to_port": null
          },
          "sensitive_attributes": [],
          "dependencies": [
            "aws_security_group.eks_secrutiy_group",
            "aws_vpc.eks_vpc"
          ]
        }
      ]
    },
    {
      "mode": "managed",
      "type": "aws_vpc_security_group_ingress_rule",
      "name": "allow_all_in_ipv4_3",
      "provider": "provider[\"registry.terraform.io/hashicorp/aws\"]",
      "instances": [
        {
          "schema_version": 0,
          "attributes": {
            "arn": "arn:aws:ec2:ap-south-1:397324722998:security-group-rule/sgr-0b9e24b8c68cfcc19",
            "cidr_ipv4": "0.0.0.0/0",
            "cidr_ipv6": null,
            "description": null,
            "from_port": null,
            "id": "sgr-0b9e24b8c68cfcc19",
            "ip_protocol": "-1",
            "prefix_list_id": null,
            "referenced_security_group_id": null,
            "security_group_id": "sg-001bae699b5ec486b",
            "security_group_rule_id": "sgr-0b9e24b8c68cfcc19",
            "tags": null,
            "tags_all": {},
            "to_port": null
          },
          "sensitive_attributes": [],
          "dependencies": [
            "aws_eks_cluster.eks_cluster",
            "aws_iam_role.eks_cluster_role",
            "aws_iam_role_policy_attachment.EKS_cluster_role_policy_attachment",
            "aws_iam_role_policy_attachment.EKS_cluster_role_policy_attachment2",
            "aws_subnet.eks_vpc_subnet_1",
            "aws_subnet.eks_vpc_subnet_2",
            "aws_vpc.eks_vpc"
          ]
        }
      ]
    }
  ],
  "check_results": null
}
