{
  "version": 4,
  "terraform_version": "1.7.5",
  "serial": 145,
  "lineage": "66ddac0f-679b-10ff-703f-07c719e1a063",
  "outputs": {
    "endpoint": {
      "value": {
        "endpoint": "https://14233B4904A8ED0D6181AB75C7B1B6D0.gr7.ap-south-1.eks.amazonaws.com",
        "kubeconfig-certificate-authority-data": "LS0tLS1CRUdJTiBDRVJUSUZJQ0FURS0tLS0tCk1JSURCVENDQWUyZ0F3SUJBZ0lJYXE2TXk2ZzUvM1F3RFFZSktvWklodmNOQVFFTEJRQXdGVEVUTUJFR0ExVUUKQXhNS2EzVmlaWEp1WlhSbGN6QWVGdzB5TkRBMU1EUXhPRE13TWpWYUZ3MHpOREExTURJeE9ETTFNalZhTUJVeApFekFSQmdOVkJBTVRDbXQxWW1WeWJtVjBaWE13Z2dFaU1BMEdDU3FHU0liM0RRRUJBUVVBQTRJQkR3QXdnZ0VLCkFvSUJBUURSaGI2dTJqTHRGMUVHL3I5WnQ2UC91Sm9OZXZhT1RIZXRFaGFVQ1hPNWdlRnhOeDA0STFTcUFqVVUKOUxYZ1lSNWhaY1V3ZVdlYjZUTDBRdTV0UGlTTDhDekRuSm9XWUtsVlJZNU1RMVRlV09EeEpFdE9CdW1tYU9WbwpYazczYmMxbXhQdVdqaUtxb1o3T1Q3RWRvbnAvZGlIZ3BVZmZucFRxb2c3cElMVVdZREEyOFJoV2R6QXJlS2lGCjJBOHVDNzlBL05tSFg4TnVmR2N3cEY5aU53QzE3N1d4akxTNjY5WlZBRjNPQUpZSHU4RFd3N0tUTkZ6ZEZxS1YKbzluWjZ6WG9zUW5vMlZJa0Y5UHRUWGs2MzBBSU1TeXR5di9HdGhMUngxK2lHMFp2K21UL2V4a3dmSi8xTHlldgpOVzV0M0toc1VmM3puZ3VsNitBVDF2RkhaWkJMQWdNQkFBR2pXVEJYTUE0R0ExVWREd0VCL3dRRUF3SUNwREFQCkJnTlZIUk1CQWY4RUJUQURBUUgvTUIwR0ExVWREZ1FXQkJScEpVbkNUM3cycFRwYUFTRkZ5dzNwbFVzb0p6QVYKQmdOVkhSRUVEakFNZ2dwcmRXSmxjbTVsZEdWek1BMEdDU3FHU0liM0RRRUJDd1VBQTRJQkFRQWI5ZGM1WHNXSwoyU1h3WUoyU3lJUjV3QXVhKzlSUHVqdHk3VWVoTUdUWWNhRDFTa3lRSWxRaFFycVYycHZPbEtLWnE4a0ZUSyt5CitDWXdhL3BzcGxUenRXS3lNT01Qa2VQa3ZhU1djRWpWcnhZT3pDWWxKN2E1T0ZtRGVLQU5FWitaRFNOV0xkWjUKSmFUU3J1TzNGbGQwUlBLQys4WmNYRSsxQTUxS3NwVHZkR0RwajZJaU5qZ3hGenlNZDNiRlY2azFqTnQ2bktkWQo3RHZGK1lWRnpZckUzN2xGTVVmcXl2dnNJSGFCTlU4WEVVcXRTRE43T3JFRVJsUDAvWnBYeU5hNnZGUnltbFJtCk9TMW1BWmRQcWRrdjd6TWVOQXFieGo5RDA0UlROWmUwR1l5YXFVUGo1THdFeFkyQWU4cWZja3RrZmdaMWovN1AKSklXMlJFTnF0MTV2Ci0tLS0tRU5EIENFUlRJRklDQVRFLS0tLS0K",
        "node_group_remote_access": [
          {
            "cluster_security_group_id": "sg-09aa34c69861c732e",
            "endpoint_private_access": true,
            "endpoint_public_access": true,
            "public_access_cidrs": [
              "0.0.0.0/0"
            ],
            "security_group_ids": [],
            "subnet_ids": [
              "subnet-025221424922e24f5",
              "subnet-0b6306e7da6671a16"
            ],
            "vpc_id": "vpc-08226941252ebe3ce"
          }
        ]
      },
      "type": [
        "object",
        {
          "endpoint": "string",
          "kubeconfig-certificate-authority-data": "string",
          "node_group_remote_access": [
            "list",
            [
              "object",
              {
                "cluster_security_group_id": "string",
                "endpoint_private_access": "bool",
                "endpoint_public_access": "bool",
                "public_access_cidrs": [
                  "set",
                  "string"
                ],
                "security_group_ids": [
                  "set",
                  "string"
                ],
                "subnet_ids": [
                  "set",
                  "string"
                ],
                "vpc_id": "string"
              }
            ]
          ]
        }
      ]
    }
  },
  "resources": [
    {
      "mode": "managed",
      "type": "aws_eks_cluster",
      "name": "eks_cluster",
      "provider": "provider[\"registry.terraform.io/hashicorp/aws\"]",
      "instances": [
        {
          "schema_version": 0,
          "attributes": {
            "access_config": [
              {
                "authentication_mode": "API_AND_CONFIG_MAP",
                "bootstrap_cluster_creator_admin_permissions": true
              }
            ],
            "arn": "arn:aws:eks:ap-south-1:397324722998:cluster/eks_cluster",
            "certificate_authority": [
              {
                "data": "LS0tLS1CRUdJTiBDRVJUSUZJQ0FURS0tLS0tCk1JSURCVENDQWUyZ0F3SUJBZ0lJYXE2TXk2ZzUvM1F3RFFZSktvWklodmNOQVFFTEJRQXdGVEVUTUJFR0ExVUUKQXhNS2EzVmlaWEp1WlhSbGN6QWVGdzB5TkRBMU1EUXhPRE13TWpWYUZ3MHpOREExTURJeE9ETTFNalZhTUJVeApFekFSQmdOVkJBTVRDbXQxWW1WeWJtVjBaWE13Z2dFaU1BMEdDU3FHU0liM0RRRUJBUVVBQTRJQkR3QXdnZ0VLCkFvSUJBUURSaGI2dTJqTHRGMUVHL3I5WnQ2UC91Sm9OZXZhT1RIZXRFaGFVQ1hPNWdlRnhOeDA0STFTcUFqVVUKOUxYZ1lSNWhaY1V3ZVdlYjZUTDBRdTV0UGlTTDhDekRuSm9XWUtsVlJZNU1RMVRlV09EeEpFdE9CdW1tYU9WbwpYazczYmMxbXhQdVdqaUtxb1o3T1Q3RWRvbnAvZGlIZ3BVZmZucFRxb2c3cElMVVdZREEyOFJoV2R6QXJlS2lGCjJBOHVDNzlBL05tSFg4TnVmR2N3cEY5aU53QzE3N1d4akxTNjY5WlZBRjNPQUpZSHU4RFd3N0tUTkZ6ZEZxS1YKbzluWjZ6WG9zUW5vMlZJa0Y5UHRUWGs2MzBBSU1TeXR5di9HdGhMUngxK2lHMFp2K21UL2V4a3dmSi8xTHlldgpOVzV0M0toc1VmM3puZ3VsNitBVDF2RkhaWkJMQWdNQkFBR2pXVEJYTUE0R0ExVWREd0VCL3dRRUF3SUNwREFQCkJnTlZIUk1CQWY4RUJUQURBUUgvTUIwR0ExVWREZ1FXQkJScEpVbkNUM3cycFRwYUFTRkZ5dzNwbFVzb0p6QVYKQmdOVkhSRUVEakFNZ2dwcmRXSmxjbTVsZEdWek1BMEdDU3FHU0liM0RRRUJDd1VBQTRJQkFRQWI5ZGM1WHNXSwoyU1h3WUoyU3lJUjV3QXVhKzlSUHVqdHk3VWVoTUdUWWNhRDFTa3lRSWxRaFFycVYycHZPbEtLWnE4a0ZUSyt5CitDWXdhL3BzcGxUenRXS3lNT01Qa2VQa3ZhU1djRWpWcnhZT3pDWWxKN2E1T0ZtRGVLQU5FWitaRFNOV0xkWjUKSmFUU3J1TzNGbGQwUlBLQys4WmNYRSsxQTUxS3NwVHZkR0RwajZJaU5qZ3hGenlNZDNiRlY2azFqTnQ2bktkWQo3RHZGK1lWRnpZckUzN2xGTVVmcXl2dnNJSGFCTlU4WEVVcXRTRE43T3JFRVJsUDAvWnBYeU5hNnZGUnltbFJtCk9TMW1BWmRQcWRrdjd6TWVOQXFieGo5RDA0UlROWmUwR1l5YXFVUGo1THdFeFkyQWU4cWZja3RrZmdaMWovN1AKSklXMlJFTnF0MTV2Ci0tLS0tRU5EIENFUlRJRklDQVRFLS0tLS0K"
              }
            ],
            "cluster_id": null,
            "created_at": "2024-05-04 18:31:40.869 +0000 UTC",
            "enabled_cluster_log_types": [],
            "encryption_config": [],
            "endpoint": "https://14233B4904A8ED0D6181AB75C7B1B6D0.gr7.ap-south-1.eks.amazonaws.com",
            "id": "eks_cluster",
            "identity": [
              {
                "oidc": [
                  {
                    "issuer": "https://oidc.eks.ap-south-1.amazonaws.com/id/14233B4904A8ED0D6181AB75C7B1B6D0"
                  }
                ]
              }
            ],
            "kubernetes_network_config": [
              {
                "ip_family": "ipv4",
                "service_ipv4_cidr": "172.20.0.0/16",
                "service_ipv6_cidr": ""
              }
            ],
            "name": "eks_cluster",
            "outpost_config": [],
            "platform_version": "eks.6",
            "role_arn": "arn:aws:iam::397324722998:role/eks_cluster_role",
            "status": "ACTIVE",
            "tags": {},
            "tags_all": {},
            "timeouts": null,
            "version": "1.29",
            "vpc_config": [
              {
                "cluster_security_group_id": "sg-09aa34c69861c732e",
                "endpoint_private_access": true,
                "endpoint_public_access": true,
                "public_access_cidrs": [
                  "0.0.0.0/0"
                ],
                "security_group_ids": [],
                "subnet_ids": [
                  "subnet-025221424922e24f5",
                  "subnet-0b6306e7da6671a16"
                ],
                "vpc_id": "vpc-08226941252ebe3ce"
              }
            ]
          },
          "sensitive_attributes": [],
          "private": "eyJlMmJmYjczMC1lY2FhLTExZTYtOGY4OC0zNDM2M2JjN2M0YzAiOnsiY3JlYXRlIjoxODAwMDAwMDAwMDAwLCJkZWxldGUiOjkwMDAwMDAwMDAwMCwidXBkYXRlIjozNjAwMDAwMDAwMDAwfX0=",
          "dependencies": [
            "aws_iam_role.eks_cluster_role",
            "aws_iam_role_policy_attachment.EKS_cluster_role_policy_attachment",
            "aws_iam_role_policy_attachment.EKS_cluster_role_policy_attachment2",
            "aws_subnet.eks_vpc_subnet_1",
            "aws_subnet.eks_vpc_subnet_2",
            "aws_vpc.eks_vpc"
          ]
        }
      ]
    },
    {
      "mode": "managed",
      "type": "aws_eks_node_group",
      "name": "eks_node_group",
      "provider": "provider[\"registry.terraform.io/hashicorp/aws\"]",
      "instances": [
        {
          "schema_version": 0,
          "attributes": {
            "ami_type": "AL2_x86_64",
            "arn": "arn:aws:eks:ap-south-1:397324722998:nodegroup/eks_cluster/eks-node-group/f4c7a273-c084-1380-83d6-0faf9804da7f",
            "capacity_type": "SPOT",
            "cluster_name": "eks_cluster",
            "disk_size": 20,
            "force_update_version": null,
            "id": "eks_cluster:eks-node-group",
            "instance_types": [
              "t3.medium"
            ],
            "labels": {},
            "launch_template": [],
            "node_group_name": "eks-node-group",
            "node_group_name_prefix": "",
            "node_role_arn": "arn:aws:iam::397324722998:role/eks_nodegroup_role",
            "release_version": "1.29.3-20240424",
            "remote_access": [
              {
                "ec2_ssh_key": "eks-demo",
                "source_security_group_ids": [
                  "sg-09aa70204a32bf40b"
                ]
              }
            ],
            "resources": [
              {
                "autoscaling_groups": [
                  {
                    "name": "eks-eks-node-group-f4c7a273-c084-1380-83d6-0faf9804da7f"
                  }
                ],
                "remote_access_security_group_id": "sg-0a9891f0244458e9f"
              }
            ],
            "scaling_config": [
              {
                "desired_size": 2,
                "max_size": 5,
                "min_size": 1
              }
            ],
            "status": "ACTIVE",
            "subnet_ids": [
              "subnet-025221424922e24f5",
              "subnet-0b6306e7da6671a16"
            ],
            "tags": {},
            "tags_all": {},
            "taint": [],
            "timeouts": null,
            "update_config": [
              {
                "max_unavailable": 1,
                "max_unavailable_percentage": 0
              }
            ],
            "version": "1.29"
          },
          "sensitive_attributes": [],
          "private": "eyJlMmJmYjczMC1lY2FhLTExZTYtOGY4OC0zNDM2M2JjN2M0YzAiOnsiY3JlYXRlIjozNjAwMDAwMDAwMDAwLCJkZWxldGUiOjM2MDAwMDAwMDAwMDAsInVwZGF0ZSI6MzYwMDAwMDAwMDAwMH19",
          "dependencies": [
            "aws_eks_cluster.eks_cluster",
            "aws_iam_role.eks_cluster_role",
            "aws_iam_role.eks_nodegroup_role",
            "aws_iam_role_policy_attachment.EKS_cluster_role_policy_attachment",
            "aws_iam_role_policy_attachment.EKS_cluster_role_policy_attachment2",
            "aws_iam_role_policy_attachment.eks_nodegroup_role_AmazonEC2ContainerRegistryReadOnly",
            "aws_iam_role_policy_attachment.eks_nodegroup_role_AmazonEKSWorkerNodePolicy",
            "aws_iam_role_policy_attachment.eks_nodegroup_role_AmazonEKS_CNI_Policy",
            "aws_security_group.eks_secrutiy_group",
            "aws_subnet.eks_vpc_subnet_1",
            "aws_subnet.eks_vpc_subnet_2",
            "aws_vpc.eks_vpc"
          ]
        }
      ]
    },
    {
      "mode": "managed",
      "type": "aws_iam_role",
      "name": "eks_cluster_role",
      "provider": "provider[\"registry.terraform.io/hashicorp/aws\"]",
      "instances": [
        {
          "schema_version": 0,
          "attributes": {
            "arn": "arn:aws:iam::397324722998:role/eks_cluster_role",
            "assume_role_policy": "{\"Statement\":[{\"Action\":\"sts:AssumeRole\",\"Effect\":\"Allow\",\"Principal\":{\"Service\":\"eks.amazonaws.com\"}}],\"Version\":\"2012-10-17\"}",
            "create_date": "2024-05-04T18:31:16Z",
            "description": "",
            "force_detach_policies": false,
            "id": "eks_cluster_role",
            "inline_policy": [],
            "managed_policy_arns": [
              "arn:aws:iam::aws:policy/AmazonEKSClusterPolicy",
              "arn:aws:iam::aws:policy/AmazonEKSVPCResourceController"
            ],
            "max_session_duration": 3600,
            "name": "eks_cluster_role",
            "name_prefix": "",
            "path": "/",
            "permissions_boundary": "",
            "tags": {},
            "tags_all": {},
            "unique_id": "AROAVZATGEM3BKR43EUQ2"
          },
          "sensitive_attributes": [],
          "private": "bnVsbA=="
        }
      ]
    },
    {
      "mode": "managed",
      "type": "aws_iam_role",
      "name": "eks_nodegroup_role",
      "provider": "provider[\"registry.terraform.io/hashicorp/aws\"]",
      "instances": [
        {
          "schema_version": 0,
          "attributes": {
            "arn": "arn:aws:iam::397324722998:role/eks_nodegroup_role",
            "assume_role_policy": "{\"Statement\":[{\"Action\":\"sts:AssumeRole\",\"Effect\":\"Allow\",\"Principal\":{\"Service\":\"ec2.amazonaws.com\"}}],\"Version\":\"2012-10-17\"}",
            "create_date": "2024-05-04T18:31:16Z",
            "description": "",
            "force_detach_policies": false,
            "id": "eks_nodegroup_role",
            "inline_policy": [],
            "managed_policy_arns": [
              "arn:aws:iam::aws:policy/AmazonEC2ContainerRegistryReadOnly",
              "arn:aws:iam::aws:policy/AmazonEKSWorkerNodePolicy",
              "arn:aws:iam::aws:policy/AmazonEKS_CNI_Policy"
            ],
            "max_session_duration": 3600,
            "name": "eks_nodegroup_role",
            "name_prefix": "",
            "path": "/",
            "permissions_boundary": "",
            "tags": {},
            "tags_all": {},
            "unique_id": "AROAVZATGEM3FU6C6JECI"
          },
          "sensitive_attributes": [],
          "private": "bnVsbA=="
        }
      ]
    },
    {
      "mode": "managed",
      "type": "aws_iam_role_policy_attachment",
      "name": "EKS_cluster_role_policy_attachment",
      "provider": "provider[\"registry.terraform.io/hashicorp/aws\"]",
      "instances": [
        {
          "schema_version": 0,
          "attributes": {
            "id": "eks_cluster_role-20240504183119435000000002",
            "policy_arn": "arn:aws:iam::aws:policy/AmazonEKSClusterPolicy",
            "role": "eks_cluster_role"
          },
          "sensitive_attributes": [],
          "private": "bnVsbA==",
          "dependencies": [
            "aws_iam_role.eks_cluster_role"
          ]
        }
      ]
    },
    {
      "mode": "managed",
      "type": "aws_iam_role_policy_attachment",
      "name": "EKS_cluster_role_policy_attachment2",
      "provider": "provider[\"registry.terraform.io/hashicorp/aws\"]",
      "instances": [
        {
          "schema_version": 0,
          "attributes": {
            "id": "eks_cluster_role-20240504183119431500000001",
            "policy_arn": "arn:aws:iam::aws:policy/AmazonEKSVPCResourceController",
            "role": "eks_cluster_role"
          },
          "sensitive_attributes": [],
          "private": "bnVsbA==",
          "dependencies": [
            "aws_iam_role.eks_cluster_role"
          ]
        }
      ]
    },
    {
      "mode": "managed",
      "type": "aws_iam_role_policy_attachment",
      "name": "eks_nodegroup_role_AmazonEC2ContainerRegistryReadOnly",
      "provider": "provider[\"registry.terraform.io/hashicorp/aws\"]",
      "instances": [
        {
          "schema_version": 0,
          "attributes": {
            "id": "eks_nodegroup_role-20240504183119781000000003",
            "policy_arn": "arn:aws:iam::aws:policy/AmazonEC2ContainerRegistryReadOnly",
            "role": "eks_nodegroup_role"
          },
          "sensitive_attributes": [],
          "private": "bnVsbA==",
          "dependencies": [
            "aws_iam_role.eks_nodegroup_role"
          ]
        }
      ]
    },
    {
      "mode": "managed",
      "type": "aws_iam_role_policy_attachment",
      "name": "eks_nodegroup_role_AmazonEKSWorkerNodePolicy",
      "provider": "provider[\"registry.terraform.io/hashicorp/aws\"]",
      "instances": [
        {
          "schema_version": 0,
          "attributes": {
            "id": "eks_nodegroup_role-20240504183120140900000005",
            "policy_arn": "arn:aws:iam::aws:policy/AmazonEKSWorkerNodePolicy",
            "role": "eks_nodegroup_role"
          },
          "sensitive_attributes": [],
          "private": "bnVsbA==",
          "dependencies": [
            "aws_iam_role.eks_nodegroup_role"
          ]
        }
      ]
    },
    {
      "mode": "managed",
      "type": "aws_iam_role_policy_attachment",
      "name": "eks_nodegroup_role_AmazonEKS_CNI_Policy",
      "provider": "provider[\"registry.terraform.io/hashicorp/aws\"]",
      "instances": [
        {
          "schema_version": 0,
          "attributes": {
            "id": "eks_nodegroup_role-20240504183119831000000004",
            "policy_arn": "arn:aws:iam::aws:policy/AmazonEKS_CNI_Policy",
            "role": "eks_nodegroup_role"
          },
          "sensitive_attributes": [],
          "private": "bnVsbA==",
          "dependencies": [
            "aws_iam_role.eks_nodegroup_role"
          ]
        }
      ]
    },
    {
      "mode": "managed",
      "type": "aws_internet_gateway",
      "name": "aws_mks_connect_demo_gateway",
      "provider": "provider[\"registry.terraform.io/hashicorp/aws\"]",
      "instances": [
        {
          "schema_version": 0,
          "attributes": {
            "arn": "arn:aws:ec2:ap-south-1:397324722998:internet-gateway/igw-07fd03e0232909926",
            "id": "igw-07fd03e0232909926",
            "owner_id": "397324722998",
            "tags": {
              "Name": "main_gw"
            },
            "tags_all": {
              "Name": "main_gw"
            },
            "timeouts": null,
            "vpc_id": "vpc-08226941252ebe3ce"
          },
          "sensitive_attributes": [],
          "private": "eyJlMmJmYjczMC1lY2FhLTExZTYtOGY4OC0zNDM2M2JjN2M0YzAiOnsiY3JlYXRlIjoxMjAwMDAwMDAwMDAwLCJkZWxldGUiOjEyMDAwMDAwMDAwMDAsInVwZGF0ZSI6MTIwMDAwMDAwMDAwMH19",
          "dependencies": [
            "aws_vpc.eks_vpc"
          ]
        }
      ]
    },
    {
      "mode": "managed",
      "type": "aws_route",
      "name": "aws_mks_connect_demo_default_routetable",
      "provider": "provider[\"registry.terraform.io/hashicorp/aws\"]",
      "instances": [
        {
          "schema_version": 0,
          "attributes": {
            "carrier_gateway_id": "",
            "core_network_arn": "",
            "destination_cidr_block": "0.0.0.0/0",
            "destination_ipv6_cidr_block": "",
            "destination_prefix_list_id": "",
            "egress_only_gateway_id": "",
            "gateway_id": "igw-07fd03e0232909926",
            "id": "r-rtb-048506f0ea8ba86dd1080289494",
            "instance_id": "",
            "instance_owner_id": "",
            "local_gateway_id": "",
            "nat_gateway_id": "",
            "network_interface_id": "",
            "origin": "CreateRoute",
            "route_table_id": "rtb-048506f0ea8ba86dd",
            "state": "active",
            "timeouts": null,
            "transit_gateway_id": "",
            "vpc_endpoint_id": "",
            "vpc_peering_connection_id": ""
          },
          "sensitive_attributes": [],
          "private": "eyJlMmJmYjczMC1lY2FhLTExZTYtOGY4OC0zNDM2M2JjN2M0YzAiOnsiY3JlYXRlIjozMDAwMDAwMDAwMDAsImRlbGV0ZSI6MzAwMDAwMDAwMDAwLCJ1cGRhdGUiOjEyMDAwMDAwMDAwMH19",
          "dependencies": [
            "aws_internet_gateway.aws_mks_connect_demo_gateway",
            "aws_vpc.eks_vpc"
          ]
        }
      ]
    },
    {
      "mode": "managed",
      "type": "aws_security_group",
      "name": "eks_secrutiy_group",
      "provider": "provider[\"registry.terraform.io/hashicorp/aws\"]",
      "instances": [
        {
          "schema_version": 1,
          "attributes": {
            "arn": "arn:aws:ec2:ap-south-1:397324722998:security-group/sg-09aa70204a32bf40b",
            "description": "Managed by Terraform",
            "egress": [
              {
                "cidr_blocks": [
                  "0.0.0.0/0"
                ],
                "description": "",
                "from_port": 0,
                "ipv6_cidr_blocks": [],
                "prefix_list_ids": [],
                "protocol": "-1",
                "security_groups": [],
                "self": false,
                "to_port": 0
              }
            ],
            "id": "sg-09aa70204a32bf40b",
            "ingress": [
              {
                "cidr_blocks": [
                  "0.0.0.0/0"
                ],
                "description": "",
                "from_port": 0,
                "ipv6_cidr_blocks": [],
                "prefix_list_ids": [],
                "protocol": "-1",
                "security_groups": [],
                "self": false,
                "to_port": 0
              }
            ],
            "name": "allowAlltraffic",
            "name_prefix": "",
            "owner_id": "397324722998",
            "revoke_rules_on_delete": false,
            "tags": {
              "Name": "aws_mks_connect_demo"
            },
            "tags_all": {
              "Name": "aws_mks_connect_demo"
            },
            "timeouts": null,
            "vpc_id": "vpc-08226941252ebe3ce"
          },
          "sensitive_attributes": [],
          "private": "eyJlMmJmYjczMC1lY2FhLTExZTYtOGY4OC0zNDM2M2JjN2M0YzAiOnsiY3JlYXRlIjo2MDAwMDAwMDAwMDAsImRlbGV0ZSI6OTAwMDAwMDAwMDAwfSwic2NoZW1hX3ZlcnNpb24iOiIxIn0=",
          "dependencies": [
            "aws_vpc.eks_vpc"
          ]
        }
      ]
    },
    {
      "mode": "managed",
      "type": "aws_subnet",
      "name": "eks_vpc_subnet_1",
      "provider": "provider[\"registry.terraform.io/hashicorp/aws\"]",
      "instances": [
        {
          "schema_version": 1,
          "attributes": {
            "arn": "arn:aws:ec2:ap-south-1:397324722998:subnet/subnet-025221424922e24f5",
            "assign_ipv6_address_on_creation": false,
            "availability_zone": "ap-south-1a",
            "availability_zone_id": "aps1-az1",
            "cidr_block": "10.0.1.0/24",
            "customer_owned_ipv4_pool": "",
            "enable_dns64": false,
            "enable_lni_at_device_index": 0,
            "enable_resource_name_dns_a_record_on_launch": false,
            "enable_resource_name_dns_aaaa_record_on_launch": false,
            "id": "subnet-025221424922e24f5",
            "ipv6_cidr_block": "",
            "ipv6_cidr_block_association_id": "",
            "ipv6_native": false,
            "map_customer_owned_ip_on_launch": false,
            "map_public_ip_on_launch": true,
            "outpost_arn": "",
            "owner_id": "397324722998",
            "private_dns_hostname_type_on_launch": "ip-name",
            "tags": {
              "Name": "aws_mks_connect_demo_subnet_public_2"
            },
            "tags_all": {
              "Name": "aws_mks_connect_demo_subnet_public_2"
            },
            "timeouts": null,
            "vpc_id": "vpc-08226941252ebe3ce"
          },
          "sensitive_attributes": [],
          "private": "eyJlMmJmYjczMC1lY2FhLTExZTYtOGY4OC0zNDM2M2JjN2M0YzAiOnsiY3JlYXRlIjo2MDAwMDAwMDAwMDAsImRlbGV0ZSI6MTIwMDAwMDAwMDAwMH0sInNjaGVtYV92ZXJzaW9uIjoiMSJ9",
          "dependencies": [
            "aws_vpc.eks_vpc"
          ]
        }
      ]
    },
    {
      "mode": "managed",
      "type": "aws_subnet",
      "name": "eks_vpc_subnet_2",
      "provider": "provider[\"registry.terraform.io/hashicorp/aws\"]",
      "instances": [
        {
          "schema_version": 1,
          "attributes": {
            "arn": "arn:aws:ec2:ap-south-1:397324722998:subnet/subnet-0b6306e7da6671a16",
            "assign_ipv6_address_on_creation": false,
            "availability_zone": "ap-south-1b",
            "availability_zone_id": "aps1-az3",
            "cidr_block": "10.0.2.0/24",
            "customer_owned_ipv4_pool": "",
            "enable_dns64": false,
            "enable_lni_at_device_index": 0,
            "enable_resource_name_dns_a_record_on_launch": false,
            "enable_resource_name_dns_aaaa_record_on_launch": false,
            "id": "subnet-0b6306e7da6671a16",
            "ipv6_cidr_block": "",
            "ipv6_cidr_block_association_id": "",
            "ipv6_native": false,
            "map_customer_owned_ip_on_launch": false,
            "map_public_ip_on_launch": true,
            "outpost_arn": "",
            "owner_id": "397324722998",
            "private_dns_hostname_type_on_launch": "ip-name",
            "tags": {
              "Name": "aws_mks_connect_demo_subnet_public_1"
            },
            "tags_all": {
              "Name": "aws_mks_connect_demo_subnet_public_1"
            },
            "timeouts": null,
            "vpc_id": "vpc-08226941252ebe3ce"
          },
          "sensitive_attributes": [],
          "private": "eyJlMmJmYjczMC1lY2FhLTExZTYtOGY4OC0zNDM2M2JjN2M0YzAiOnsiY3JlYXRlIjo2MDAwMDAwMDAwMDAsImRlbGV0ZSI6MTIwMDAwMDAwMDAwMH0sInNjaGVtYV92ZXJzaW9uIjoiMSJ9",
          "dependencies": [
            "aws_vpc.eks_vpc"
          ]
        }
      ]
    },
    {
      "mode": "managed",
      "type": "aws_vpc",
      "name": "eks_vpc",
      "provider": "provider[\"registry.terraform.io/hashicorp/aws\"]",
      "instances": [
        {
          "schema_version": 1,
          "attributes": {
            "arn": "arn:aws:ec2:ap-south-1:397324722998:vpc/vpc-08226941252ebe3ce",
            "assign_generated_ipv6_cidr_block": false,
            "cidr_block": "10.0.0.0/16",
            "default_network_acl_id": "acl-010d8dec1496599ff",
            "default_route_table_id": "rtb-048506f0ea8ba86dd",
            "default_security_group_id": "sg-05bae3529e9bb3e8d",
            "dhcp_options_id": "dopt-08d3756ee52c0b703",
            "enable_dns_hostnames": true,
            "enable_dns_support": true,
            "enable_network_address_usage_metrics": false,
            "id": "vpc-08226941252ebe3ce",
            "instance_tenancy": "default",
            "ipv4_ipam_pool_id": null,
            "ipv4_netmask_length": null,
            "ipv6_association_id": "",
            "ipv6_cidr_block": "",
            "ipv6_cidr_block_network_border_group": "",
            "ipv6_ipam_pool_id": "",
            "ipv6_netmask_length": 0,
            "main_route_table_id": "rtb-048506f0ea8ba86dd",
            "owner_id": "397324722998",
            "tags": {
              "Name": "aws_mks_connect_demo_VPC"
            },
            "tags_all": {
              "Name": "aws_mks_connect_demo_VPC"
            }
          },
          "sensitive_attributes": [],
          "private": "eyJzY2hlbWFfdmVyc2lvbiI6IjEifQ=="
        }
      ]
    },
    {
      "mode": "managed",
      "type": "aws_vpc_security_group_egress_rule",
      "name": "allow_all_traffic_ipv4_3",
      "provider": "provider[\"registry.terraform.io/hashicorp/aws\"]",
      "instances": [
        {
          "schema_version": 0,
          "attributes": {
            "arn": "arn:aws:ec2:ap-south-1:397324722998:security-group-rule/sgr-05b51c2f5ea0d43ec",
            "cidr_ipv4": "0.0.0.0/0",
            "cidr_ipv6": null,
            "description": null,
            "from_port": null,
            "id": "sgr-05b51c2f5ea0d43ec",
            "ip_protocol": "-1",
            "prefix_list_id": null,
            "referenced_security_group_id": null,
            "security_group_id": "sg-09aa70204a32bf40b",
            "security_group_rule_id": "sgr-05b51c2f5ea0d43ec",
            "tags": null,
            "tags_all": {},
            "to_port": null
          },
          "sensitive_attributes": [],
          "dependencies": [
            "aws_security_group.eks_secrutiy_group",
            "aws_vpc.eks_vpc"
          ]
        }
      ]
    },
    {
      "mode": "managed",
      "type": "aws_vpc_security_group_ingress_rule",
      "name": "allow_all_in_ipv4_2",
      "provider": "provider[\"registry.terraform.io/hashicorp/aws\"]",
      "instances": [
        {
          "schema_version": 0,
          "attributes": {
            "arn": "arn:aws:ec2:ap-south-1:397324722998:security-group-rule/sgr-051abbfd45c50c4c4",
            "cidr_ipv4": "0.0.0.0/0",
            "cidr_ipv6": null,
            "description": null,
            "from_port": null,
            "id": "sgr-051abbfd45c50c4c4",
            "ip_protocol": "-1",
            "prefix_list_id": null,
            "referenced_security_group_id": null,
            "security_group_id": "sg-09aa70204a32bf40b",
            "security_group_rule_id": "sgr-051abbfd45c50c4c4",
            "tags": null,
            "tags_all": {},
            "to_port": null
          },
          "sensitive_attributes": [],
          "dependencies": [
            "aws_security_group.eks_secrutiy_group",
            "aws_vpc.eks_vpc"
          ]
        }
      ]
    },
    {
      "mode": "managed",
      "type": "aws_vpc_security_group_ingress_rule",
      "name": "allow_all_in_ipv4_3",
      "provider": "provider[\"registry.terraform.io/hashicorp/aws\"]",
      "instances": [
        {
          "schema_version": 0,
          "attributes": {
            "arn": "arn:aws:ec2:ap-south-1:397324722998:security-group-rule/sgr-01e6ca45f043957c3",
            "cidr_ipv4": "0.0.0.0/0",
            "cidr_ipv6": null,
            "description": null,
            "from_port": null,
            "id": "sgr-01e6ca45f043957c3",
            "ip_protocol": "-1",
            "prefix_list_id": null,
            "referenced_security_group_id": null,
            "security_group_id": "sg-09aa34c69861c732e",
            "security_group_rule_id": "sgr-01e6ca45f043957c3",
            "tags": null,
            "tags_all": {},
            "to_port": null
          },
          "sensitive_attributes": [],
          "dependencies": [
            "aws_eks_cluster.eks_cluster",
            "aws_iam_role.eks_cluster_role",
            "aws_iam_role_policy_attachment.EKS_cluster_role_policy_attachment",
            "aws_iam_role_policy_attachment.EKS_cluster_role_policy_attachment2",
            "aws_subnet.eks_vpc_subnet_1",
            "aws_subnet.eks_vpc_subnet_2",
            "aws_vpc.eks_vpc"
          ]
        }
      ]
    }
  ],
  "check_results": null
}
