{
  "version": 4,
  "terraform_version": "1.7.5",
  "serial": 34,
  "lineage": "66ddac0f-679b-10ff-703f-07c719e1a063",
  "outputs": {
    "endpoint": {
      "value": {
        "endpoint": "https://A94E15ED52524A180A833386F0DAACD9.gr7.ap-south-1.eks.amazonaws.com",
        "kubeconfig-certificate-authority-data": "LS0tLS1CRUdJTiBDRVJUSUZJQ0FURS0tLS0tCk1JSURCVENDQWUyZ0F3SUJBZ0lJYnU4RVpYb3I5K0V3RFFZSktvWklodmNOQVFFTEJRQXdGVEVUTUJFR0ExVUUKQXhNS2EzVmlaWEp1WlhSbGN6QWVGdzB5TkRBMU1ETXhOakEzTWpWYUZ3MHpOREExTURFeE5qRXlNalZhTUJVeApFekFSQmdOVkJBTVRDbXQxWW1WeWJtVjBaWE13Z2dFaU1BMEdDU3FHU0liM0RRRUJBUVVBQTRJQkR3QXdnZ0VLCkFvSUJBUURVUEdzb29VZFArMWNxWkVGZ2Z6MkVUMVEvVms2cUdzSUNOdDEzaUZ1OFhBN2NsOW1SQ3JvcTJITXkKSjRpTUxVWDc2bU0xQlB2ZGY3OXUwQnRUNmF0U0tnSWI3Ty83V3hCL1NabllBTzArMlFIUVRXQmVyVWpTeWRXVQovaEgzVDV0ZjlIdzUrS0FCVVpvRDZmZTB1RmsreTRlZTA2OUNockwrTmtOalRqU3ZhUzhQdVRUeEpPb0RqeEYxCnBlMmozeFRnZXg0T2tIOGF6R1F1Nm9TbGNCMWsxOTQycSs5VVJ1cGFIZVU1OWU0cXdYbVFJZDdISW5iYmxMMEgKWnpaYUFYVU9TVDBHUFNoY0xGS2RFd2xFTm1FQ0RNTkNvSWI5SnVYQ0hubURvOGJ1SGxsdmt0WEEzZzBhWkF5ZApUV21CKzNRQmRWUy9QQVlTemlwRTZwUk95N2o5QWdNQkFBR2pXVEJYTUE0R0ExVWREd0VCL3dRRUF3SUNwREFQCkJnTlZIUk1CQWY4RUJUQURBUUgvTUIwR0ExVWREZ1FXQkJSbUMxYWZSa3dIV1kxZkgrWlJYWDA2YzIvT056QVYKQmdOVkhSRUVEakFNZ2dwcmRXSmxjbTVsZEdWek1BMEdDU3FHU0liM0RRRUJDd1VBQTRJQkFRQnR0L0c2ajkwZQpVd004a2JNcEJyUVU1cnJ2b1Y5djF5Q1dXRkdlQkZGNWRQV21tT2pYQUZSRnhXTDF5cGkvL1R0MHk2emZLYUdwCjYyNmJVYjJPeTYvaFQ2N0lpSTZCb0NCRlBXNnVOQTRUM0dkSGtxQnM3NStOaFlIK0kxc3paSVJJbFZrcTJSNm4KajVab1hjc0pZWHhPSU9pYURsVEJwS2ZOdGRSOVA4R1pZS0FSM1pqOVNLU0JUY3JIUWFYZDZtZkVLbmNUMEF2Tgp2VVhxZ1RtNXk1aTRCNnZWOUQyNDBHNW5ZUFpHTUR5QkxZM1ovRTJxQzMzM2hEM2FmUlBYVGQzYncyYTliRmpUCjR0dHB0MWtUZ0tFdmhWRjBFSUhMa29xSmFsMi9VL2tWTzZVaGRDNmhEdmFIQmw3TXhHZWowUUFwZUVWejk4OVYKQWRHdVBHRnVjb0RMCi0tLS0tRU5EIENFUlRJRklDQVRFLS0tLS0K"
      },
      "type": [
        "object",
        {
          "endpoint": "string",
          "kubeconfig-certificate-authority-data": "string"
        }
      ]
    }
  },
  "resources": [
    {
      "mode": "managed",
      "type": "aws_eks_cluster",
      "name": "eks_cluster",
      "provider": "provider[\"registry.terraform.io/hashicorp/aws\"]",
      "instances": [
        {
          "schema_version": 0,
          "attributes": {
            "access_config": [
              {
                "authentication_mode": "API_AND_CONFIG_MAP",
                "bootstrap_cluster_creator_admin_permissions": true
              }
            ],
            "arn": "arn:aws:eks:ap-south-1:397324722998:cluster/eks_cluster",
            "certificate_authority": [
              {
                "data": "LS0tLS1CRUdJTiBDRVJUSUZJQ0FURS0tLS0tCk1JSURCVENDQWUyZ0F3SUJBZ0lJYnU4RVpYb3I5K0V3RFFZSktvWklodmNOQVFFTEJRQXdGVEVUTUJFR0ExVUUKQXhNS2EzVmlaWEp1WlhSbGN6QWVGdzB5TkRBMU1ETXhOakEzTWpWYUZ3MHpOREExTURFeE5qRXlNalZhTUJVeApFekFSQmdOVkJBTVRDbXQxWW1WeWJtVjBaWE13Z2dFaU1BMEdDU3FHU0liM0RRRUJBUVVBQTRJQkR3QXdnZ0VLCkFvSUJBUURVUEdzb29VZFArMWNxWkVGZ2Z6MkVUMVEvVms2cUdzSUNOdDEzaUZ1OFhBN2NsOW1SQ3JvcTJITXkKSjRpTUxVWDc2bU0xQlB2ZGY3OXUwQnRUNmF0U0tnSWI3Ty83V3hCL1NabllBTzArMlFIUVRXQmVyVWpTeWRXVQovaEgzVDV0ZjlIdzUrS0FCVVpvRDZmZTB1RmsreTRlZTA2OUNockwrTmtOalRqU3ZhUzhQdVRUeEpPb0RqeEYxCnBlMmozeFRnZXg0T2tIOGF6R1F1Nm9TbGNCMWsxOTQycSs5VVJ1cGFIZVU1OWU0cXdYbVFJZDdISW5iYmxMMEgKWnpaYUFYVU9TVDBHUFNoY0xGS2RFd2xFTm1FQ0RNTkNvSWI5SnVYQ0hubURvOGJ1SGxsdmt0WEEzZzBhWkF5ZApUV21CKzNRQmRWUy9QQVlTemlwRTZwUk95N2o5QWdNQkFBR2pXVEJYTUE0R0ExVWREd0VCL3dRRUF3SUNwREFQCkJnTlZIUk1CQWY4RUJUQURBUUgvTUIwR0ExVWREZ1FXQkJSbUMxYWZSa3dIV1kxZkgrWlJYWDA2YzIvT056QVYKQmdOVkhSRUVEakFNZ2dwcmRXSmxjbTVsZEdWek1BMEdDU3FHU0liM0RRRUJDd1VBQTRJQkFRQnR0L0c2ajkwZQpVd004a2JNcEJyUVU1cnJ2b1Y5djF5Q1dXRkdlQkZGNWRQV21tT2pYQUZSRnhXTDF5cGkvL1R0MHk2emZLYUdwCjYyNmJVYjJPeTYvaFQ2N0lpSTZCb0NCRlBXNnVOQTRUM0dkSGtxQnM3NStOaFlIK0kxc3paSVJJbFZrcTJSNm4KajVab1hjc0pZWHhPSU9pYURsVEJwS2ZOdGRSOVA4R1pZS0FSM1pqOVNLU0JUY3JIUWFYZDZtZkVLbmNUMEF2Tgp2VVhxZ1RtNXk1aTRCNnZWOUQyNDBHNW5ZUFpHTUR5QkxZM1ovRTJxQzMzM2hEM2FmUlBYVGQzYncyYTliRmpUCjR0dHB0MWtUZ0tFdmhWRjBFSUhMa29xSmFsMi9VL2tWTzZVaGRDNmhEdmFIQmw3TXhHZWowUUFwZUVWejk4OVYKQWRHdVBHRnVjb0RMCi0tLS0tRU5EIENFUlRJRklDQVRFLS0tLS0K"
              }
            ],
            "cluster_id": null,
            "created_at": "2024-05-03 16:08:07.641 +0000 UTC",
            "enabled_cluster_log_types": [],
            "encryption_config": [],
            "endpoint": "https://A94E15ED52524A180A833386F0DAACD9.gr7.ap-south-1.eks.amazonaws.com",
            "id": "eks_cluster",
            "identity": [
              {
                "oidc": [
                  {
                    "issuer": "https://oidc.eks.ap-south-1.amazonaws.com/id/A94E15ED52524A180A833386F0DAACD9"
                  }
                ]
              }
            ],
            "kubernetes_network_config": [
              {
                "ip_family": "ipv4",
                "service_ipv4_cidr": "172.20.0.0/16",
                "service_ipv6_cidr": ""
              }
            ],
            "name": "eks_cluster",
            "outpost_config": [],
            "platform_version": "eks.6",
            "role_arn": "arn:aws:iam::397324722998:role/eks_cluster_role",
            "status": "ACTIVE",
            "tags": {},
            "tags_all": {},
            "timeouts": null,
            "version": "1.29",
            "vpc_config": [
              {
                "cluster_security_group_id": "sg-07bce69dfc96a7054",
                "endpoint_private_access": true,
                "endpoint_public_access": true,
                "public_access_cidrs": [
                  "0.0.0.0/0"
                ],
                "security_group_ids": [],
                "subnet_ids": [
                  "subnet-0bc4859b673c5ea93",
                  "subnet-0efc239440d386c43"
                ],
                "vpc_id": "vpc-0cf08d7738da1a588"
              }
            ]
          },
          "sensitive_attributes": [],
          "private": "eyJlMmJmYjczMC1lY2FhLTExZTYtOGY4OC0zNDM2M2JjN2M0YzAiOnsiY3JlYXRlIjoxODAwMDAwMDAwMDAwLCJkZWxldGUiOjkwMDAwMDAwMDAwMCwidXBkYXRlIjozNjAwMDAwMDAwMDAwfX0=",
          "dependencies": [
            "aws_iam_role.eks_cluster_role",
            "aws_iam_role_policy_attachment.EKS_cluster_role_policy_attachment",
            "aws_iam_role_policy_attachment.EKS_cluster_role_policy_attachment2",
            "aws_subnet.eks_vpc_subnet_1",
            "aws_subnet.eks_vpc_subnet_2",
            "aws_vpc.eks_vpc"
          ]
        }
      ]
    },
    {
      "mode": "managed",
      "type": "aws_eks_node_group",
      "name": "eks_node_group",
      "provider": "provider[\"registry.terraform.io/hashicorp/aws\"]",
      "instances": [
        {
          "schema_version": 0,
          "attributes": {
            "ami_type": "AL2_x86_64",
            "arn": "arn:aws:eks:ap-south-1:397324722998:nodegroup/eks_cluster/eks-node-group/50c79fd0-de33-5985-8786-a193790b2431",
            "capacity_type": "SPOT",
            "cluster_name": "eks_cluster",
            "disk_size": 20,
            "force_update_version": null,
            "id": "eks_cluster:eks-node-group",
            "instance_types": [
              "t3.medium"
            ],
            "labels": null,
            "launch_template": [],
            "node_group_name": "eks-node-group",
            "node_group_name_prefix": "",
            "node_role_arn": "arn:aws:iam::397324722998:role/eks_nodegroup_role",
            "release_version": "1.29.3-20240424",
            "remote_access": [
              {
                "ec2_ssh_key": "eks-demo",
                "source_security_group_ids": [
                  "sg-085614201795e32e8"
                ]
              }
            ],
            "resources": [
              {
                "autoscaling_groups": [
                  {
                    "name": "eks-eks-node-group-50c79fd0-de33-5985-8786-a193790b2431"
                  }
                ],
                "remote_access_security_group_id": "sg-0922155810817be42"
              }
            ],
            "scaling_config": [
              {
                "desired_size": 2,
                "max_size": 5,
                "min_size": 1
              }
            ],
            "status": "ACTIVE",
            "subnet_ids": [
              "subnet-0bc4859b673c5ea93",
              "subnet-0efc239440d386c43"
            ],
            "tags": null,
            "tags_all": {},
            "taint": [],
            "timeouts": null,
            "update_config": [
              {
                "max_unavailable": 1,
                "max_unavailable_percentage": 0
              }
            ],
            "version": "1.29"
          },
          "sensitive_attributes": [],
          "private": "eyJlMmJmYjczMC1lY2FhLTExZTYtOGY4OC0zNDM2M2JjN2M0YzAiOnsiY3JlYXRlIjozNjAwMDAwMDAwMDAwLCJkZWxldGUiOjM2MDAwMDAwMDAwMDAsInVwZGF0ZSI6MzYwMDAwMDAwMDAwMH19",
          "dependencies": [
            "aws_eks_cluster.eks_cluster",
            "aws_iam_role.eks_cluster_role",
            "aws_iam_role.eks_nodegroup_role",
            "aws_iam_role_policy_attachment.EKS_cluster_role_policy_attachment",
            "aws_iam_role_policy_attachment.EKS_cluster_role_policy_attachment2",
            "aws_iam_role_policy_attachment.eks_nodegroup_role_AmazonEC2ContainerRegistryReadOnly",
            "aws_iam_role_policy_attachment.eks_nodegroup_role_AmazonEKSWorkerNodePolicy",
            "aws_iam_role_policy_attachment.eks_nodegroup_role_AmazonEKS_CNI_Policy",
            "aws_security_group.eks_secrutiy_group",
            "aws_subnet.eks_vpc_subnet_1",
            "aws_subnet.eks_vpc_subnet_2",
            "aws_vpc.eks_vpc"
          ]
        }
      ]
    },
    {
      "mode": "managed",
      "type": "aws_iam_role",
      "name": "eks_cluster_role",
      "provider": "provider[\"registry.terraform.io/hashicorp/aws\"]",
      "instances": [
        {
          "schema_version": 0,
          "attributes": {
            "arn": "arn:aws:iam::397324722998:role/eks_cluster_role",
            "assume_role_policy": "{\"Statement\":[{\"Action\":\"sts:AssumeRole\",\"Effect\":\"Allow\",\"Principal\":{\"Service\":\"eks.amazonaws.com\"}}],\"Version\":\"2012-10-17\"}",
            "create_date": "2024-05-03T13:29:56Z",
            "description": "",
            "force_detach_policies": false,
            "id": "eks_cluster_role",
            "inline_policy": [],
            "managed_policy_arns": [
              "arn:aws:iam::aws:policy/AmazonEKSClusterPolicy",
              "arn:aws:iam::aws:policy/AmazonEKSVPCResourceController"
            ],
            "max_session_duration": 3600,
            "name": "eks_cluster_role",
            "name_prefix": "",
            "path": "/",
            "permissions_boundary": "",
            "tags": {},
            "tags_all": {},
            "unique_id": "AROAVZATGEM3M3WWEB63Q"
          },
          "sensitive_attributes": [],
          "private": "bnVsbA=="
        }
      ]
    },
    {
      "mode": "managed",
      "type": "aws_iam_role",
      "name": "eks_nodegroup_role",
      "provider": "provider[\"registry.terraform.io/hashicorp/aws\"]",
      "instances": [
        {
          "schema_version": 0,
          "attributes": {
            "arn": "arn:aws:iam::397324722998:role/eks_nodegroup_role",
            "assume_role_policy": "{\"Statement\":[{\"Action\":\"sts:AssumeRole\",\"Effect\":\"Allow\",\"Principal\":{\"Service\":\"ec2.amazonaws.com\"}}],\"Version\":\"2012-10-17\"}",
            "create_date": "2024-05-03T17:33:51Z",
            "description": "",
            "force_detach_policies": false,
            "id": "eks_nodegroup_role",
            "inline_policy": [],
            "managed_policy_arns": [
              "arn:aws:iam::aws:policy/AmazonEC2ContainerRegistryReadOnly",
              "arn:aws:iam::aws:policy/AmazonEKSWorkerNodePolicy",
              "arn:aws:iam::aws:policy/AmazonEKS_CNI_Policy"
            ],
            "max_session_duration": 3600,
            "name": "eks_nodegroup_role",
            "name_prefix": "",
            "path": "/",
            "permissions_boundary": "",
            "tags": {},
            "tags_all": {},
            "unique_id": "AROAVZATGEM3NIDB2GCKT"
          },
          "sensitive_attributes": [],
          "private": "bnVsbA=="
        }
      ]
    },
    {
      "mode": "managed",
      "type": "aws_iam_role_policy_attachment",
      "name": "EKS_cluster_role_policy_attachment",
      "provider": "provider[\"registry.terraform.io/hashicorp/aws\"]",
      "instances": [
        {
          "schema_version": 0,
          "attributes": {
            "id": "eks_cluster_role-20240503154659486600000001",
            "policy_arn": "arn:aws:iam::aws:policy/AmazonEKSClusterPolicy",
            "role": "eks_cluster_role"
          },
          "sensitive_attributes": [],
          "private": "bnVsbA==",
          "dependencies": [
            "aws_iam_role.eks_cluster_role"
          ]
        }
      ]
    },
    {
      "mode": "managed",
      "type": "aws_iam_role_policy_attachment",
      "name": "EKS_cluster_role_policy_attachment2",
      "provider": "provider[\"registry.terraform.io/hashicorp/aws\"]",
      "instances": [
        {
          "schema_version": 0,
          "attributes": {
            "id": "eks_cluster_role-20240503152250039900000001",
            "policy_arn": "arn:aws:iam::aws:policy/AmazonEKSVPCResourceController",
            "role": "eks_cluster_role"
          },
          "sensitive_attributes": [],
          "private": "bnVsbA==",
          "dependencies": [
            "aws_iam_role.eks_cluster_role"
          ]
        }
      ]
    },
    {
      "mode": "managed",
      "type": "aws_iam_role_policy_attachment",
      "name": "eks_nodegroup_role_AmazonEC2ContainerRegistryReadOnly",
      "provider": "provider[\"registry.terraform.io/hashicorp/aws\"]",
      "instances": [
        {
          "schema_version": 0,
          "attributes": {
            "id": "eks_nodegroup_role-20240503173353399700000002",
            "policy_arn": "arn:aws:iam::aws:policy/AmazonEC2ContainerRegistryReadOnly",
            "role": "eks_nodegroup_role"
          },
          "sensitive_attributes": [],
          "private": "bnVsbA==",
          "dependencies": [
            "aws_iam_role.eks_nodegroup_role"
          ]
        }
      ]
    },
    {
      "mode": "managed",
      "type": "aws_iam_role_policy_attachment",
      "name": "eks_nodegroup_role_AmazonEKSWorkerNodePolicy",
      "provider": "provider[\"registry.terraform.io/hashicorp/aws\"]",
      "instances": [
        {
          "schema_version": 0,
          "attributes": {
            "id": "eks_nodegroup_role-20240503173353065100000001",
            "policy_arn": "arn:aws:iam::aws:policy/AmazonEKSWorkerNodePolicy",
            "role": "eks_nodegroup_role"
          },
          "sensitive_attributes": [],
          "private": "bnVsbA==",
          "dependencies": [
            "aws_iam_role.eks_nodegroup_role"
          ]
        }
      ]
    },
    {
      "mode": "managed",
      "type": "aws_iam_role_policy_attachment",
      "name": "eks_nodegroup_role_AmazonEKS_CNI_Policy",
      "provider": "provider[\"registry.terraform.io/hashicorp/aws\"]",
      "instances": [
        {
          "schema_version": 0,
          "attributes": {
            "id": "eks_nodegroup_role-20240503173353730200000003",
            "policy_arn": "arn:aws:iam::aws:policy/AmazonEKS_CNI_Policy",
            "role": "eks_nodegroup_role"
          },
          "sensitive_attributes": [],
          "private": "bnVsbA==",
          "dependencies": [
            "aws_iam_role.eks_nodegroup_role"
          ]
        }
      ]
    },
    {
      "mode": "managed",
      "type": "aws_internet_gateway",
      "name": "aws_mks_connect_demo_gateway",
      "provider": "provider[\"registry.terraform.io/hashicorp/aws\"]",
      "instances": [
        {
          "schema_version": 0,
          "attributes": {
            "arn": "arn:aws:ec2:ap-south-1:397324722998:internet-gateway/igw-0b22571659b1d4d58",
            "id": "igw-0b22571659b1d4d58",
            "owner_id": "397324722998",
            "tags": {
              "Name": "main_gw"
            },
            "tags_all": {
              "Name": "main_gw"
            },
            "timeouts": null,
            "vpc_id": "vpc-0cf08d7738da1a588"
          },
          "sensitive_attributes": [],
          "private": "eyJlMmJmYjczMC1lY2FhLTExZTYtOGY4OC0zNDM2M2JjN2M0YzAiOnsiY3JlYXRlIjoxMjAwMDAwMDAwMDAwLCJkZWxldGUiOjEyMDAwMDAwMDAwMDAsInVwZGF0ZSI6MTIwMDAwMDAwMDAwMH19",
          "dependencies": [
            "aws_vpc.eks_vpc"
          ]
        }
      ]
    },
    {
      "mode": "managed",
      "type": "aws_route",
      "name": "aws_mks_connect_demo_default_routetable",
      "provider": "provider[\"registry.terraform.io/hashicorp/aws\"]",
      "instances": [
        {
          "schema_version": 0,
          "attributes": {
            "carrier_gateway_id": "",
            "core_network_arn": "",
            "destination_cidr_block": "0.0.0.0/0",
            "destination_ipv6_cidr_block": "",
            "destination_prefix_list_id": "",
            "egress_only_gateway_id": "",
            "gateway_id": "igw-0b22571659b1d4d58",
            "id": "r-rtb-05de8e279af2fd8251080289494",
            "instance_id": "",
            "instance_owner_id": "",
            "local_gateway_id": "",
            "nat_gateway_id": "",
            "network_interface_id": "",
            "origin": "CreateRoute",
            "route_table_id": "rtb-05de8e279af2fd825",
            "state": "active",
            "timeouts": null,
            "transit_gateway_id": "",
            "vpc_endpoint_id": "",
            "vpc_peering_connection_id": ""
          },
          "sensitive_attributes": [],
          "private": "eyJlMmJmYjczMC1lY2FhLTExZTYtOGY4OC0zNDM2M2JjN2M0YzAiOnsiY3JlYXRlIjozMDAwMDAwMDAwMDAsImRlbGV0ZSI6MzAwMDAwMDAwMDAwLCJ1cGRhdGUiOjEyMDAwMDAwMDAwMH19",
          "dependencies": [
            "aws_internet_gateway.aws_mks_connect_demo_gateway",
            "aws_vpc.eks_vpc"
          ]
        }
      ]
    },
    {
      "mode": "managed",
      "type": "aws_security_group",
      "name": "eks_secrutiy_group",
      "provider": "provider[\"registry.terraform.io/hashicorp/aws\"]",
      "instances": [
        {
          "schema_version": 1,
          "attributes": {
            "arn": "arn:aws:ec2:ap-south-1:397324722998:security-group/sg-085614201795e32e8",
            "description": "Managed by Terraform",
            "egress": [
              {
                "cidr_blocks": [
                  "0.0.0.0/0"
                ],
                "description": "",
                "from_port": 0,
                "ipv6_cidr_blocks": [],
                "prefix_list_ids": [],
                "protocol": "-1",
                "security_groups": [],
                "self": false,
                "to_port": 0
              }
            ],
            "id": "sg-085614201795e32e8",
            "ingress": [
              {
                "cidr_blocks": [
                  "0.0.0.0/0"
                ],
                "description": "",
                "from_port": 0,
                "ipv6_cidr_blocks": [],
                "prefix_list_ids": [],
                "protocol": "-1",
                "security_groups": [],
                "self": false,
                "to_port": 0
              }
            ],
            "name": "allowAlltraffic",
            "name_prefix": "",
            "owner_id": "397324722998",
            "revoke_rules_on_delete": false,
            "tags": {
              "Name": "aws_mks_connect_demo"
            },
            "tags_all": {
              "Name": "aws_mks_connect_demo"
            },
            "timeouts": null,
            "vpc_id": "vpc-0cf08d7738da1a588"
          },
          "sensitive_attributes": [],
          "private": "eyJlMmJmYjczMC1lY2FhLTExZTYtOGY4OC0zNDM2M2JjN2M0YzAiOnsiY3JlYXRlIjo2MDAwMDAwMDAwMDAsImRlbGV0ZSI6OTAwMDAwMDAwMDAwfSwic2NoZW1hX3ZlcnNpb24iOiIxIn0=",
          "dependencies": [
            "aws_vpc.eks_vpc"
          ]
        }
      ]
    },
    {
      "mode": "managed",
      "type": "aws_subnet",
      "name": "eks_vpc_subnet_1",
      "provider": "provider[\"registry.terraform.io/hashicorp/aws\"]",
      "instances": [
        {
          "schema_version": 1,
          "attributes": {
            "arn": "arn:aws:ec2:ap-south-1:397324722998:subnet/subnet-0efc239440d386c43",
            "assign_ipv6_address_on_creation": false,
            "availability_zone": "ap-south-1a",
            "availability_zone_id": "aps1-az1",
            "cidr_block": "10.0.1.0/24",
            "customer_owned_ipv4_pool": "",
            "enable_dns64": false,
            "enable_lni_at_device_index": 0,
            "enable_resource_name_dns_a_record_on_launch": false,
            "enable_resource_name_dns_aaaa_record_on_launch": false,
            "id": "subnet-0efc239440d386c43",
            "ipv6_cidr_block": "",
            "ipv6_cidr_block_association_id": "",
            "ipv6_native": false,
            "map_customer_owned_ip_on_launch": false,
            "map_public_ip_on_launch": true,
            "outpost_arn": "",
            "owner_id": "397324722998",
            "private_dns_hostname_type_on_launch": "ip-name",
            "tags": {
              "Name": "aws_mks_connect_demo_subnet_public_2"
            },
            "tags_all": {
              "Name": "aws_mks_connect_demo_subnet_public_2"
            },
            "timeouts": null,
            "vpc_id": "vpc-0cf08d7738da1a588"
          },
          "sensitive_attributes": [],
          "private": "eyJlMmJmYjczMC1lY2FhLTExZTYtOGY4OC0zNDM2M2JjN2M0YzAiOnsiY3JlYXRlIjo2MDAwMDAwMDAwMDAsImRlbGV0ZSI6MTIwMDAwMDAwMDAwMH0sInNjaGVtYV92ZXJzaW9uIjoiMSJ9",
          "dependencies": [
            "aws_vpc.eks_vpc"
          ]
        }
      ]
    },
    {
      "mode": "managed",
      "type": "aws_subnet",
      "name": "eks_vpc_subnet_2",
      "provider": "provider[\"registry.terraform.io/hashicorp/aws\"]",
      "instances": [
        {
          "schema_version": 1,
          "attributes": {
            "arn": "arn:aws:ec2:ap-south-1:397324722998:subnet/subnet-0bc4859b673c5ea93",
            "assign_ipv6_address_on_creation": false,
            "availability_zone": "ap-south-1b",
            "availability_zone_id": "aps1-az3",
            "cidr_block": "10.0.2.0/24",
            "customer_owned_ipv4_pool": "",
            "enable_dns64": false,
            "enable_lni_at_device_index": 0,
            "enable_resource_name_dns_a_record_on_launch": false,
            "enable_resource_name_dns_aaaa_record_on_launch": false,
            "id": "subnet-0bc4859b673c5ea93",
            "ipv6_cidr_block": "",
            "ipv6_cidr_block_association_id": "",
            "ipv6_native": false,
            "map_customer_owned_ip_on_launch": false,
            "map_public_ip_on_launch": true,
            "outpost_arn": "",
            "owner_id": "397324722998",
            "private_dns_hostname_type_on_launch": "ip-name",
            "tags": {
              "Name": "aws_mks_connect_demo_subnet_public_1"
            },
            "tags_all": {
              "Name": "aws_mks_connect_demo_subnet_public_1"
            },
            "timeouts": null,
            "vpc_id": "vpc-0cf08d7738da1a588"
          },
          "sensitive_attributes": [],
          "private": "eyJlMmJmYjczMC1lY2FhLTExZTYtOGY4OC0zNDM2M2JjN2M0YzAiOnsiY3JlYXRlIjo2MDAwMDAwMDAwMDAsImRlbGV0ZSI6MTIwMDAwMDAwMDAwMH0sInNjaGVtYV92ZXJzaW9uIjoiMSJ9",
          "dependencies": [
            "aws_vpc.eks_vpc"
          ]
        }
      ]
    },
    {
      "mode": "managed",
      "type": "aws_vpc",
      "name": "eks_vpc",
      "provider": "provider[\"registry.terraform.io/hashicorp/aws\"]",
      "instances": [
        {
          "schema_version": 1,
          "attributes": {
            "arn": "arn:aws:ec2:ap-south-1:397324722998:vpc/vpc-0cf08d7738da1a588",
            "assign_generated_ipv6_cidr_block": false,
            "cidr_block": "10.0.0.0/16",
            "default_network_acl_id": "acl-0a5a4d3bc4cc66078",
            "default_route_table_id": "rtb-05de8e279af2fd825",
            "default_security_group_id": "sg-04724f52a3fb02189",
            "dhcp_options_id": "dopt-08d3756ee52c0b703",
            "enable_dns_hostnames": true,
            "enable_dns_support": true,
            "enable_network_address_usage_metrics": false,
            "id": "vpc-0cf08d7738da1a588",
            "instance_tenancy": "default",
            "ipv4_ipam_pool_id": null,
            "ipv4_netmask_length": null,
            "ipv6_association_id": "",
            "ipv6_cidr_block": "",
            "ipv6_cidr_block_network_border_group": "",
            "ipv6_ipam_pool_id": "",
            "ipv6_netmask_length": 0,
            "main_route_table_id": "rtb-05de8e279af2fd825",
            "owner_id": "397324722998",
            "tags": {
              "Name": "aws_mks_connect_demo_VPC"
            },
            "tags_all": {
              "Name": "aws_mks_connect_demo_VPC"
            }
          },
          "sensitive_attributes": [],
          "private": "eyJzY2hlbWFfdmVyc2lvbiI6IjEifQ=="
        }
      ]
    },
    {
      "mode": "managed",
      "type": "aws_vpc_security_group_egress_rule",
      "name": "allow_all_traffic_ipv4_3",
      "provider": "provider[\"registry.terraform.io/hashicorp/aws\"]",
      "instances": [
        {
          "schema_version": 0,
          "attributes": {
            "arn": "arn:aws:ec2:ap-south-1:397324722998:security-group-rule/sgr-090ee36bc029ad099",
            "cidr_ipv4": "0.0.0.0/0",
            "cidr_ipv6": null,
            "description": null,
            "from_port": null,
            "id": "sgr-090ee36bc029ad099",
            "ip_protocol": "-1",
            "prefix_list_id": null,
            "referenced_security_group_id": null,
            "security_group_id": "sg-085614201795e32e8",
            "security_group_rule_id": "sgr-090ee36bc029ad099",
            "tags": null,
            "tags_all": {},
            "to_port": null
          },
          "sensitive_attributes": [],
          "dependencies": [
            "aws_security_group.eks_secrutiy_group",
            "aws_vpc.eks_vpc"
          ]
        }
      ]
    },
    {
      "mode": "managed",
      "type": "aws_vpc_security_group_ingress_rule",
      "name": "allow_all_in_ipv4_2",
      "provider": "provider[\"registry.terraform.io/hashicorp/aws\"]",
      "instances": [
        {
          "schema_version": 0,
          "attributes": {
            "arn": "arn:aws:ec2:ap-south-1:397324722998:security-group-rule/sgr-04677cd7da40e8062",
            "cidr_ipv4": "0.0.0.0/0",
            "cidr_ipv6": null,
            "description": null,
            "from_port": null,
            "id": "sgr-04677cd7da40e8062",
            "ip_protocol": "-1",
            "prefix_list_id": null,
            "referenced_security_group_id": null,
            "security_group_id": "sg-085614201795e32e8",
            "security_group_rule_id": "sgr-04677cd7da40e8062",
            "tags": null,
            "tags_all": {},
            "to_port": null
          },
          "sensitive_attributes": [],
          "dependencies": [
            "aws_security_group.eks_secrutiy_group",
            "aws_vpc.eks_vpc"
          ]
        }
      ]
    }
  ],
  "check_results": null
}
